{
  "nodes": {
    "crane": {
      "inputs": {
        "nixpkgs": [
          "nixpkgs"
        ]
      },
      "locked": {
        "lastModified": 1699218802,
        "narHash": "sha256-5l0W4Q7z7A4BCstaF5JuBqXOVrZ3Vqst5+hUnP7EdUc=",
        "owner": "ipetkov",
        "repo": "crane",
        "rev": "2d6c2aaff5a05e443eb15efddc21f9c73720340c",
        "type": "github"
      },
      "original": {
        "owner": "ipetkov",
        "repo": "crane",
        "type": "github"
      }
    },
    "floco": {
      "inputs": {
        "nixpkgs": [
          "nixpkgs"
        ]
      },
      "locked": {
        "lastModified": 1694873346,
        "narHash": "sha256-Uvh03bg0a6ZnNWiX1Gb8g+m343wSJ/wb8ryUASt0loc=",
        "owner": "aakropotkin",
        "repo": "floco",
        "rev": "d16bd444ab9d29a6640f52ee4e43a66528e07515",
        "type": "github"
      },
      "original": {
        "owner": "aakropotkin",
        "repo": "floco",
        "type": "github"
      }
    },
    "nix-patches": {
      "flake": false,
      "locked": {
        "lastModified": 1698959422,
        "narHash": "sha256-Y1kfXm/fmHo7NS5w8YSNGZNpe4pPR/eGLr5QNdQDQHs=",
        "owner": "flox",
        "repo": "pkgdb",
        "rev": "5a3d9dd15674852baac08e07c84a59d62ceb7740",
        "type": "github"
      },
      "original": {
        "owner": "flox",
        "repo": "pkgdb",
        "type": "github"
      }
    },
    "nixpkgs": {
      "locked": {
        "lastModified": 1701362232,
        "narHash": "sha256-GVdzxL0lhEadqs3hfRLuj+L1OJFGiL/L7gCcelgBlsw=",
        "owner": "NixOS",
        "repo": "nixpkgs",
        "rev": "d2332963662edffacfddfad59ff4f709dde80ffe",
        "type": "github"
      },
      "original": {
        "owner": "NixOS",
        "ref": "release-23.05",
        "repo": "nixpkgs",
        "type": "github"
      }
    },
    "parser-util": {
      "inputs": {
        "nix-patches": "nix-patches",
        "nixpkgs": [
          "nixpkgs"
        ]
      },
      "locked": {
        "lastModified": 1699380608,
        "narHash": "sha256-HNB25DfG28ntlabEpqvXkY48LBYjceKRXQyOIBbwy7I=",
        "owner": "flox",
        "repo": "parser-util",
        "rev": "ff2c910d7644ccf50c7d0042016ab81a143c9369",
        "type": "github"
      },
      "original": {
        "owner": "flox",
        "repo": "parser-util",
        "type": "github"
      }
    },
    "root": {
      "inputs": {
        "crane": "crane",
        "floco": "floco",
        "nixpkgs": "nixpkgs",
        "parser-util": "parser-util",
        "sqlite3pp": "sqlite3pp"
      }
    },
    "sqlite3pp": {
      "inputs": {
        "nixpkgs": [
          "nixpkgs"
        ]
      },
      "locked": {
        "lastModified": 1691154329,
        "narHash": "sha256-nMtwh/G1/Zt70rl540jn+nFVJuju0NdXJwk2Y3pNB+k=",
        "owner": "aakropotkin",
        "repo": "sqlite3pp",
        "rev": "775e48a6c7a63a51585cd628f6c9816ba634a246",
        "type": "github"
      },
      "original": {
        "owner": "aakropotkin",
        "repo": "sqlite3pp",
        "type": "github"
      }
    }
  },
  "root": "root",
  "version": 7
}
