{
  "nodes": {
    "crane": {
      "inputs": {
        "nixpkgs": [
          "nixpkgs"
        ]
      },
      "locked": {
        "lastModified": 1717383740,
        "narHash": "sha256-559HbY4uhNeoYvK3H6AMZAtVfmR3y8plXZ1x6ON/cWU=",
        "owner": "ipetkov",
        "repo": "crane",
        "rev": "b65673fce97d277934488a451724be94cc62499a",
        "type": "github"
      },
      "original": {
        "owner": "ipetkov",
        "repo": "crane",
        "type": "github"
      }
    },
    "fenix": {
      "inputs": {
        "nixpkgs": [
          "nixpkgs"
        ],
        "rust-analyzer-src": "rust-analyzer-src"
      },
      "locked": {
        "lastModified": 1723616992,
        "narHash": "sha256-jDHYfEECzFwZm4huz7AbPjlH3jJ4/2ns9PddtFA5XMY=",
        "owner": "nix-community",
        "repo": "fenix",
        "rev": "7bad6c7ff73b784a9c7de9147626c8d5d5072809",
        "type": "github"
      },
      "original": {
        "owner": "nix-community",
        "repo": "fenix",
        "type": "github"
      }
    },
    "flake-compat": {
      "flake": false,
      "locked": {
        "lastModified": 1673956053,
        "narHash": "sha256-4gtG9iQuiKITOjNQQeQIpoIB6b16fm+504Ch3sNKLd8=",
        "owner": "edolstra",
        "repo": "flake-compat",
        "rev": "35bb57c0c8d8b62bbfd284272c928ceb64ddbde9",
        "type": "github"
      },
      "original": {
        "owner": "edolstra",
        "repo": "flake-compat",
        "type": "github"
      }
    },
    "flake-utils": {
      "inputs": {
        "systems": "systems"
      },
      "locked": {
        "lastModified": 1685518550,
        "narHash": "sha256-o2d0KcvaXzTrPRIo0kOLV0/QXHhDQ5DTi+OxcjO8xqY=",
        "owner": "numtide",
        "repo": "flake-utils",
        "rev": "a1720a10a6cfe8234c0e93907ffe81be440f4cef",
        "type": "github"
      },
      "original": {
        "owner": "numtide",
        "repo": "flake-utils",
        "type": "github"
      }
    },
    "gitignore": {
      "inputs": {
        "nixpkgs": [
          "pre-commit-hooks",
          "nixpkgs"
        ]
      },
      "locked": {
        "lastModified": 1660459072,
        "narHash": "sha256-8DFJjXG8zqoONA1vXtgeKXy68KdJL5UaXR8NtVMUbx8=",
        "owner": "hercules-ci",
        "repo": "gitignore.nix",
        "rev": "a20de23b925fd8264fd7fad6454652e142fd7f73",
        "type": "github"
      },
      "original": {
        "owner": "hercules-ci",
        "repo": "gitignore.nix",
        "type": "github"
      }
    },
    "nixpkgs": {
      "locked": {
        "lastModified": 1704300003,
        "narHash": "sha256-FRC/OlLVvKkrdm+RtrODQPufD0vVZYA0hpH9RPaHmp4=",
        "owner": "NixOS",
        "repo": "nixpkgs",
        "rev": "ab5fd150146dcfe41fda501134e6503932cc8dfd",
        "type": "github"
      },
      "original": {
        "owner": "NixOS",
        "ref": "release-23.11",
        "repo": "nixpkgs",
        "type": "github"
      }
    },
    "nixpkgs-process-compose": {
      "locked": {
        "lastModified": 1722415718,
        "narHash": "sha256-5US0/pgxbMksF92k1+eOa8arJTJiPvsdZj9Dl+vJkM4=",
        "owner": "NixOS",
        "repo": "nixpkgs",
        "rev": "c3392ad349a5227f4a3464dce87bcc5046692fce",
        "type": "github"
      },
      "original": {
        "owner": "NixOS",
        "ref": "nixpkgs-unstable",
        "repo": "nixpkgs",
        "type": "github"
      }
    },
    "nixpkgs-stable": {
      "locked": {
        "lastModified": 1685801374,
        "narHash": "sha256-otaSUoFEMM+LjBI1XL/xGB5ao6IwnZOXc47qhIgJe8U=",
        "owner": "NixOS",
        "repo": "nixpkgs",
        "rev": "c37ca420157f4abc31e26f436c1145f8951ff373",
        "type": "github"
      },
      "original": {
        "owner": "NixOS",
        "ref": "nixos-23.05",
        "repo": "nixpkgs",
        "type": "github"
      }
    },
    "pre-commit-hooks": {
      "inputs": {
        "flake-compat": "flake-compat",
        "flake-utils": "flake-utils",
        "gitignore": "gitignore",
        "nixpkgs": [
          "nixpkgs"
        ],
        "nixpkgs-stable": "nixpkgs-stable"
      },
      "locked": {
        "lastModified": 1703939133,
        "narHash": "sha256-Gxe+mfOT6bL7wLC/tuT2F+V+Sb44jNr8YsJ3cyIl4Mo=",
        "owner": "cachix",
        "repo": "pre-commit-hooks.nix",
        "rev": "9d3d7e18c6bc4473d7520200d4ddab12f8402d38",
        "type": "github"
      },
      "original": {
        "owner": "cachix",
        "repo": "pre-commit-hooks.nix",
        "type": "github"
      }
    },
    "root": {
      "inputs": {
        "crane": "crane",
        "fenix": "fenix",
        "nixpkgs": "nixpkgs",
        "nixpkgs-process-compose": "nixpkgs-process-compose",
        "pre-commit-hooks": "pre-commit-hooks",
        "sqlite3pp": "sqlite3pp"
      }
    },
    "rust-analyzer-src": {
      "flake": false,
      "locked": {
        "lastModified": 1723561310,
        "narHash": "sha256-a3KMMsIDvdo+ClLabh5wfJoa17YTSvy2wDLb8yZCXvc=",
        "owner": "rust-lang",
        "repo": "rust-analyzer",
        "rev": "78c2bdce860dbd996a8083224d01a96660dd6a15",
        "type": "github"
      },
      "original": {
        "owner": "rust-lang",
        "ref": "nightly",
        "repo": "rust-analyzer",
        "type": "github"
      }
    },
    "sqlite3pp": {
      "inputs": {
        "nixpkgs": [
          "nixpkgs"
        ]
      },
      "locked": {
        "lastModified": 1691154329,
        "narHash": "sha256-nMtwh/G1/Zt70rl540jn+nFVJuju0NdXJwk2Y3pNB+k=",
        "owner": "aakropotkin",
        "repo": "sqlite3pp",
        "rev": "775e48a6c7a63a51585cd628f6c9816ba634a246",
        "type": "github"
      },
      "original": {
        "owner": "aakropotkin",
        "repo": "sqlite3pp",
        "type": "github"
      }
    },
    "systems": {
      "locked": {
        "lastModified": 1681028828,
        "narHash": "sha256-Vy1rq5AaRuLzOxct8nz4T6wlgyUR7zLU309k9mBC768=",
        "owner": "nix-systems",
        "repo": "default",
        "rev": "da67096a3b9bf56a91d16901293e51ba5b49a27e",
        "type": "github"
      },
      "original": {
        "owner": "nix-systems",
        "repo": "default",
        "type": "github"
      }
    }
  },
  "root": "root",
  "version": 7
}
