{
  "nodes": {
    "builtfilter": {
      "inputs": {
        "flox-floxpkgs": [
          "flox-floxpkgs"
        ]
      },
      "locked": {
        "lastModified": 1679586988,
        "narHash": "sha256-TkoF4E4yN40s042YG6DaOzk+vtbzsoey0lUO+tm03is=",
        "owner": "flox",
        "repo": "builtfilter",
        "rev": "931a381bb96d909f51fcf25d7ca4fa9dcfb12aff",
        "type": "github"
      },
      "original": {
        "owner": "flox",
        "ref": "builtfilter-rs",
        "repo": "builtfilter",
        "type": "github"
      }
    },
    "capacitor": {
      "inputs": {
        "nixpkgs": "nixpkgs",
        "nixpkgs-lib": "nixpkgs-lib"
      },
      "locked": {
        "lastModified": 1675110136,
        "narHash": "sha256-83n/ZLBMoIkgYGy12F1hNaqMUgJsfkno5P1+sm9liOU=",
        "owner": "flox",
        "repo": "capacitor",
        "rev": "9d4b9bce0f439e01fe2c2b2a1bfe08592a6204c4",
        "type": "github"
      },
      "original": {
        "owner": "flox",
        "ref": "v0",
        "repo": "capacitor",
        "type": "github"
      }
    },
    "capacitor_2": {
      "inputs": {
        "nixpkgs": [
          "flox-floxpkgs",
          "nixpkgs",
          "nixpkgs"
        ],
        "nixpkgs-lib": "nixpkgs-lib_2"
      },
      "locked": {
        "lastModified": 1675110136,
        "narHash": "sha256-83n/ZLBMoIkgYGy12F1hNaqMUgJsfkno5P1+sm9liOU=",
        "owner": "flox",
        "repo": "capacitor",
        "rev": "9d4b9bce0f439e01fe2c2b2a1bfe08592a6204c4",
        "type": "github"
      },
      "original": {
        "owner": "flox",
        "repo": "capacitor",
        "type": "github"
      }
    },
    "catalog": {
      "flake": false,
      "locked": {
        "lastModified": 1665076737,
        "narHash": "sha256-S0bD7Z434Lvm7U4VHwvmxdTMrexdr72Yk6z0ExE3j7s=",
        "owner": "flox",
        "repo": "floxpkgs",
        "rev": "bd8326c2fea27d01933eacb922f5ae70f97140c6",
        "type": "github"
      },
      "original": {
        "owner": "flox",
        "ref": "publish",
        "repo": "floxpkgs",
        "type": "github"
      }
    },
    "flake-compat": {
      "flake": false,
      "locked": {
        "lastModified": 1673956053,
        "narHash": "sha256-4gtG9iQuiKITOjNQQeQIpoIB6b16fm+504Ch3sNKLd8=",
        "owner": "edolstra",
        "repo": "flake-compat",
        "rev": "35bb57c0c8d8b62bbfd284272c928ceb64ddbde9",
        "type": "github"
      },
      "original": {
        "owner": "edolstra",
        "repo": "flake-compat",
        "type": "github"
      }
    },
    "flake-utils": {
      "locked": {
        "lastModified": 1667395993,
        "narHash": "sha256-nuEHfE/LcWyuSWnS8t12N1wc105Qtau+/OdUAjtQ0rA=",
        "owner": "numtide",
        "repo": "flake-utils",
        "rev": "5aed5285a952e0b949eb3ba02c12fa4fcfef535f",
        "type": "github"
      },
      "original": {
        "owner": "numtide",
        "repo": "flake-utils",
        "type": "github"
      }
    },
    "flox-bash": {
      "inputs": {
        "flox": [],
        "flox-floxpkgs": [
          "flox-floxpkgs"
        ]
      },
      "locked": {
        "lastModified": 1680721691,
        "narHash": "sha256-RV5b0EUsHdHvae3mTGK+/wfq6c5IqGAJuUS0fVlscJ4=",
        "owner": "flox",
        "repo": "flox-bash",
        "rev": "9f2d13881a05ad5f2b76d3f40f8947a5e5750f89",
        "type": "github"
      },
      "original": {
        "owner": "flox",
        "repo": "flox-bash",
        "type": "github"
      }
    },
    "flox-floxpkgs": {
      "inputs": {
        "builtfilter": "builtfilter",
        "capacitor": "capacitor",
        "catalog": "catalog",
        "flox": [],
        "flox-bash": [
          "flox-bash"
        ],
        "nixpkgs": "nixpkgs_2",
        "tracelinks": "tracelinks"
      },
      "locked": {
        "lastModified": 1681995360,
        "narHash": "sha256-zWFB34EWiN2KTIPGEY8d0gbOz23IZ/otK+/4EKS+S+A=",
        "owner": "flox",
        "repo": "floxpkgs",
        "rev": "c4f62402bf8c6a433c22007810aa26f4b61b9e63",
        "type": "github"
      },
      "original": {
        "owner": "flox",
        "repo": "floxpkgs",
        "type": "github"
      }
    },
    "gitignore": {
      "inputs": {
        "nixpkgs": [
          "shellHooks",
          "nixpkgs"
        ]
      },
      "locked": {
        "lastModified": 1660459072,
        "narHash": "sha256-8DFJjXG8zqoONA1vXtgeKXy68KdJL5UaXR8NtVMUbx8=",
        "owner": "hercules-ci",
        "repo": "gitignore.nix",
        "rev": "a20de23b925fd8264fd7fad6454652e142fd7f73",
        "type": "github"
      },
      "original": {
        "owner": "hercules-ci",
        "repo": "gitignore.nix",
        "type": "github"
      }
    },
    "nixpkgs": {
      "locked": {
        "lastModified": 1679262748,
        "narHash": "sha256-DQCrrAFrkxijC6haUzOC5ZoFqpcv/tg2WxnyW3np1Cc=",
        "owner": "flox",
        "repo": "nixpkgs",
        "rev": "60c1d71f2ba4c80178ec84523c2ca0801522e0a6",
        "type": "github"
      },
      "original": {
        "owner": "flox",
        "ref": "stable",
        "repo": "nixpkgs",
        "type": "github"
      }
    },
    "nixpkgs-lib": {
      "locked": {
        "lastModified": 1681001314,
        "narHash": "sha256-5sDnCLdrKZqxLPK4KA8+f4A3YKO/u6ElpMILvX0g72c=",
        "owner": "nix-community",
        "repo": "nixpkgs.lib",
        "rev": "367c0e1086a4eb4502b24d872cea2c7acdd557f4",
        "type": "github"
      },
      "original": {
        "owner": "nix-community",
        "repo": "nixpkgs.lib",
        "type": "github"
      }
    },
    "nixpkgs-lib_2": {
      "locked": {
        "lastModified": 1681001314,
        "narHash": "sha256-5sDnCLdrKZqxLPK4KA8+f4A3YKO/u6ElpMILvX0g72c=",
        "owner": "nix-community",
        "repo": "nixpkgs.lib",
        "rev": "367c0e1086a4eb4502b24d872cea2c7acdd557f4",
        "type": "github"
      },
      "original": {
        "owner": "nix-community",
        "repo": "nixpkgs.lib",
        "type": "github"
      }
    },
    "nixpkgs-stable": {
      "locked": {
        "lastModified": 1679262748,
        "narHash": "sha256-DQCrrAFrkxijC6haUzOC5ZoFqpcv/tg2WxnyW3np1Cc=",
        "owner": "flox",
        "repo": "nixpkgs",
        "rev": "60c1d71f2ba4c80178ec84523c2ca0801522e0a6",
        "type": "github"
      },
      "original": {
        "owner": "flox",
        "ref": "stable",
        "repo": "nixpkgs",
        "type": "github"
      }
    },
    "nixpkgs-stable_2": {
      "locked": {
        "lastModified": 1678872516,
        "narHash": "sha256-/E1YwtMtFAu2KUQKV/1+KFuReYPANM2Rzehk84VxVoc=",
        "owner": "NixOS",
        "repo": "nixpkgs",
        "rev": "9b8e5abb18324c7fe9f07cb100c3cd4a29cda8b8",
        "type": "github"
      },
      "original": {
        "owner": "NixOS",
        "ref": "nixos-22.11",
        "repo": "nixpkgs",
        "type": "github"
      }
    },
    "nixpkgs-staging": {
      "locked": {
        "lastModified": 1681217261,
        "narHash": "sha256-RbxCHWN3Vhyv/WEsXcJlDwF7bpvZ9NxDjfSouQxXEKo=",
        "owner": "flox",
        "repo": "nixpkgs",
        "rev": "3fb8eedc450286d5092e4953118212fa21091b3b",
        "type": "github"
      },
      "original": {
        "owner": "flox",
        "ref": "staging",
        "repo": "nixpkgs",
        "type": "github"
      }
    },
    "nixpkgs-unstable": {
      "locked": {
        "lastModified": 1681648924,
        "narHash": "sha256-pzi3HISK8+7mpEtv08Yr80wswyHKsz+RP1CROG1Qf6s=",
        "owner": "flox",
        "repo": "nixpkgs",
        "rev": "f294325aed382b66c7a188482101b0f336d1d7db",
        "type": "github"
      },
      "original": {
        "owner": "flox",
        "ref": "unstable",
        "repo": "nixpkgs",
        "type": "github"
      }
    },
    "nixpkgs_2": {
      "inputs": {
        "capacitor": "capacitor_2",
        "flox": [
          "flox-floxpkgs",
          "flox"
        ],
        "flox-bash": [
          "flox-floxpkgs",
          "flox-bash"
        ],
        "flox-floxpkgs": [
          "flox-floxpkgs"
        ],
        "nixpkgs": [
          "flox-floxpkgs",
          "nixpkgs",
          "nixpkgs-stable"
        ],
        "nixpkgs-stable": "nixpkgs-stable",
        "nixpkgs-staging": "nixpkgs-staging",
        "nixpkgs-unstable": "nixpkgs-unstable",
        "nixpkgs__flox__aarch64-darwin": "nixpkgs__flox__aarch64-darwin",
        "nixpkgs__flox__aarch64-linux": "nixpkgs__flox__aarch64-linux",
        "nixpkgs__flox__i686-linux": "nixpkgs__flox__i686-linux",
        "nixpkgs__flox__x86_64-darwin": "nixpkgs__flox__x86_64-darwin",
        "nixpkgs__flox__x86_64-linux": "nixpkgs__flox__x86_64-linux"
      },
      "locked": {
        "lastModified": 1681755791,
        "narHash": "sha256-+bo0dA1D676tqjcGrTsYkxE3zUBxB8DdULxwFG/U6/0=",
        "owner": "flox",
        "repo": "nixpkgs-flox",
        "rev": "d5b4fa110c4b546b7ed51a02d523973a8e075159",
        "type": "github"
      },
      "original": {
        "owner": "flox",
        "repo": "nixpkgs-flox",
        "type": "github"
      }
    },
    "nixpkgs_3": {
      "locked": {
        "lastModified": 1681303793,
        "narHash": "sha256-JEdQHsYuCfRL2PICHlOiH/2ue3DwoxUX7DJ6zZxZXFk=",
        "owner": "NixOS",
        "repo": "nixpkgs",
        "rev": "fe2ecaf706a5907b5e54d979fbde4924d84b65fc",
        "type": "github"
      },
      "original": {
        "owner": "NixOS",
        "ref": "nixos-unstable",
        "repo": "nixpkgs",
        "type": "github"
      }
    },
    "nixpkgs__flox__aarch64-darwin": {
      "flake": false,
      "locked": {
        "host": "catalog.floxsdlc.com",
        "lastModified": 1681755524,
        "narHash": "sha256-/BnI0WayzhdHMPQFlZ85QGqMJhrewIVZOdvA3Rs3Bkk=",
        "owner": "flox",
        "repo": "nixpkgs-flox",
        "rev": "d1a06c4f6feab9a19626e87d953afcf270fd2fe4",
        "type": "github"
      },
      "original": {
        "host": "catalog.floxsdlc.com",
        "owner": "flox",
        "ref": "aarch64-darwin",
        "repo": "nixpkgs-flox",
        "type": "github"
      }
    },
    "nixpkgs__flox__aarch64-linux": {
      "flake": false,
      "locked": {
        "host": "catalog.floxsdlc.com",
        "lastModified": 1681755491,
        "narHash": "sha256-1wciQzBrVVQtQhGoaCqoEJUCNb5wmWBPThtKP9JLBSc=",
        "owner": "flox",
        "repo": "nixpkgs-flox",
        "rev": "8ccc20460f133bdd5f02385a99f4eb911597cb58",
        "type": "github"
      },
      "original": {
        "host": "catalog.floxsdlc.com",
        "owner": "flox",
        "ref": "aarch64-linux",
        "repo": "nixpkgs-flox",
        "type": "github"
      }
    },
    "nixpkgs__flox__i686-linux": {
      "flake": false,
      "locked": {
        "host": "catalog.floxsdlc.com",
        "lastModified": 1681755663,
        "narHash": "sha256-kOWHCDiU6doYxSJ255woT51Gc//SfXzEsEqOJesx34E=",
        "owner": "flox",
        "repo": "nixpkgs-flox",
        "rev": "989d49863a1a96442a707c3089b5f2fe44399a09",
        "type": "github"
      },
      "original": {
        "host": "catalog.floxsdlc.com",
        "owner": "flox",
        "ref": "i686-linux",
        "repo": "nixpkgs-flox",
        "type": "github"
      }
    },
    "nixpkgs__flox__x86_64-darwin": {
      "flake": false,
      "locked": {
        "host": "catalog.floxsdlc.com",
        "lastModified": 1681755648,
        "narHash": "sha256-//3CayC6whUsHY47hdCjkTC7z7GuP+gVw3R8AQ6Qh/o=",
        "owner": "flox",
        "repo": "nixpkgs-flox",
        "rev": "1fbbe006f367e830f07c96da48e7045644fa22e0",
        "type": "github"
      },
      "original": {
        "host": "catalog.floxsdlc.com",
        "owner": "flox",
        "ref": "x86_64-darwin",
        "repo": "nixpkgs-flox",
        "type": "github"
      }
    },
    "nixpkgs__flox__x86_64-linux": {
      "flake": false,
      "locked": {
        "host": "catalog.floxsdlc.com",
        "lastModified": 1681755614,
        "narHash": "sha256-rVDmv1EKQxJ2lhGfFouvneXcYI08T0eovRlhwHIatSE=",
        "owner": "flox",
        "repo": "nixpkgs-flox",
        "rev": "a31ae43be1a08fed3e6a87c18aa68e4836e218a4",
        "type": "github"
      },
      "original": {
        "host": "catalog.floxsdlc.com",
        "owner": "flox",
        "ref": "x86_64-linux",
        "repo": "nixpkgs-flox",
        "type": "github"
      }
    },
    "root": {
      "inputs": {
        "flox-bash": "flox-bash",
        "flox-floxpkgs": "flox-floxpkgs",
        "shellHooks": "shellHooks"
      }
    },
    "shellHooks": {
      "inputs": {
        "flake-compat": "flake-compat",
        "flake-utils": "flake-utils",
        "gitignore": "gitignore",
        "nixpkgs": "nixpkgs_3",
        "nixpkgs-stable": "nixpkgs-stable_2"
      },
      "locked": {
        "lastModified": 1681831107,
        "narHash": "sha256-pXl3DPhhul9NztSetUJw2fcN+RI3sGOYgKu29xpgnqw=",
        "owner": "cachix",
        "repo": "pre-commit-hooks.nix",
        "rev": "b7ca8f6fff42f6af75c17f9438fed1686b7d855d",
        "type": "github"
      },
      "original": {
        "owner": "cachix",
        "repo": "pre-commit-hooks.nix",
        "type": "github"
      }
    },
    "tracelinks": {
      "inputs": {
        "flox-floxpkgs": [
          "flox-floxpkgs"
        ]
      },
      "locked": {
        "lastModified": 1674847293,
        "narHash": "sha256-wPirp+8gIUpoAgE8zoXZalAJzCzcdDHKLEPOapJUtfs=",
        "ref": "main",
        "rev": "46108503f52bc2fcc948abb9b00fc65a13e5f5bd",
        "revCount": 9,
        "type": "git",
        "url": "ssh://git@github.com/flox/tracelinks"
      },
      "original": {
        "ref": "main",
        "type": "git",
        "url": "ssh://git@github.com/flox/tracelinks"
      }
    }
  },
  "root": "root",
  "version": 7
}
