{"lockfile-version":0,"manifest":{"hook":{"on-activate":"    mkdir -p dummy_dir\n    export foo=\"baz\"\n"},"options":{"systems":["aarch64-darwin","x86_64-darwin","aarch64-linux","x86_64-linux"]},"registry":{"defaults":{"subtrees":null},"inputs":{"nixpkgs":{"from":{"owner":"NixOS","repo":"nixpkgs","rev":"ab5fd150146dcfe41fda501134e6503932cc8dfd","type":"github"},"subtrees":["legacyPackages"]}},"priority":["nixpkgs"]},"vars":{"foo":"bar"}},"packages":{"aarch64-darwin":{},"aarch64-linux":{},"x86_64-darwin":{},"x86_64-linux":{}},"registry":{"defaults":{"subtrees":null},"inputs":{"nixpkgs":{"from":{"lastModified":1704300003,"narHash":"sha256-FRC/OlLVvKkrdm+RtrODQPufD0vVZYA0hpH9RPaHmp4=","owner":"NixOS","repo":"nixpkgs","rev":"ab5fd150146dcfe41fda501134e6503932cc8dfd","type":"github"},"subtrees":["legacyPackages"]}},"priority":["nixpkgs"]}}
