{
  "lockfile-version": 1,
  "manifest": {
    "schema-version": "1.13.0",
    "vars": {
      "FLOX_FEATURES_AUTO_ACTIVATE": "true",
      "FLOX_FEATURES_SANDBOX_ACTIVATE": "true",
      "GITHUB_TOKEN": "ghp-demo-FAKE"
    },
    "hook": {
      "on-activate": "  # Ona is control-plane/cloud — there is no local gateway to run as a service.\n  # The setup concern is the hand-off prerequisites, surfaced here so the\n  # operator learns of them before the first 'cd', not mid-demo.\n\n  # 1. Docker: the ona backend bakes the environment image locally before Ona\n  #    pulls it. Docker is the one required host tool.\n  if ! command -v docker >/dev/null 2>&1; then\n    echo \"note: 'docker' not found on PATH — the ona backend needs it to bake\" >&2\n    echo \"      the image before Ona pulls it (see demo/ONA.md beat 0).\" >&2\n  fi\n\n  # 2. CLI: the Ona CLI is presence-detected, not required. The devcontainer\n  #    hand-off is generated regardless; note its absence so the operator knows\n  #    the launch boundary will name the account wall.\n  if ! command -v ona >/dev/null 2>&1 && ! command -v gitpod >/dev/null 2>&1; then\n    echo \"note: no 'ona' (or legacy 'gitpod') CLI on PATH. That is fine for the\" >&2\n    echo \"      local beats — flox generates the devcontainer hand-off anyway;\" >&2\n    echo \"      the workspace open itself needs an Ona account (see demo/ONA.md).\" >&2\n  fi\n\n  # 3. Registry: Ona builds the workspace by pulling the image from a registry,\n  #    so the generated devcontainer's `image` field needs a registry prefix.\n  #    Default to a bare tag and let the operator override.\n  if [ -z \"${FLOX_SANDBOX_ONA_REGISTRY:-}\" ]; then\n    echo \"note: FLOX_SANDBOX_ONA_REGISTRY is unset; the devcontainer will use a\" >&2\n    echo \"      bare image tag. Export it (e.g. docker.io/<user>) before the\" >&2\n    echo \"      workspace open.\" >&2\n  fi\n\n  # Demo fixture: a planted \"secret\" the workspace must never see (beat 2 of\n  # demo/ONA.md). On Ona the workspace is remote and has no view of the host\n  # filesystem at all, so this is unreachable by construction. Removed by\n  # profile.deactivate.\n  mkdir -p \"$HOME/demo-secrets\"\n  printf 'API_KEY=sk-demo-FAKE-do-not-use\\n' > \"$HOME/demo-secrets/.env\"\n"
    },
    "profile": {
      "bash": "  if [ -n \"${FLOX_BIN:-}\" ]; then\n    alias flox='$FLOX_BIN'\n  fi\n  export FLOX_VERSION=\"$(\"${FLOX_BIN:-flox}\" --version)\"\n",
      "zsh": "  if [ -n \"${FLOX_BIN:-}\" ]; then\n    alias flox='$FLOX_BIN'\n  fi\n  export FLOX_VERSION=\"$(\"${FLOX_BIN:-flox}\" --version)\"\n",
      "deactivate": {
        "common": "  # Deactivating the demo cleans up after itself: remove the planted secret.\n  rm -rf \"$HOME/demo-secrets\"\n"
      }
    },
    "options": {
      "systems": [
        "aarch64-darwin",
        "x86_64-linux"
      ]
    }
  },
  "packages": []
}
