{
  "lockfile-version": 0,
  "manifest": {
    "install": {
      "python2": {
        "pkg-path": "python2"
      }
    },
    "options": {
      "systems": [
        "aarch64-darwin",
        "aarch64-linux",
        "x86_64-darwin",
        "x86_64-linux"
      ]
    },
    "registry": {
      "defaults": {
        "subtrees": null
      },
      "inputs": {
        "nixpkgs": {
          "from": {
            "owner": "NixOS",
            "ref": "release-23.11",
            "repo": "nixpkgs",
            "type": "github"
          },
          "subtrees": [
            "legacyPackages"
          ]
        }
      },
      "priority": [
        "nixpkgs"
      ]
    }
  },
  "packages": {
    "aarch64-darwin": {
      "python2": {
        "attr-path": [
          "legacyPackages",
          "aarch64-darwin",
          "python2"
        ],
        "info": {
          "broken": false,
          "description": "A high-level dynamically-typed programming language",
          "license": "Python-2.0",
          "pname": "python",
          "unfree": false,
          "version": "2.7.18.7"
        },
        "input": {
          "attrs": {
            "lastModified": 1718132686,
            "narHash": "sha256-JRinkq+FeAkYnrrK8+Bh+jtLHJBN5jDzSimk1ye00EE=",
            "owner": "NixOS",
            "repo": "nixpkgs",
            "rev": "96b3dae4f8753c1f5ce0d06b57fe250fb5d9b0e0",
            "type": "github"
          },
          "fingerprint": "d00f00cc0b4a10cd832ce3f73a3fcdfbab77482451eeabfd99c2f0fb1ada3cb0",
          "url": "github:NixOS/nixpkgs/96b3dae4f8753c1f5ce0d06b57fe250fb5d9b0e0"
        },
        "priority": 5
      }
    },
    "aarch64-linux": {
      "python2": {
        "attr-path": [
          "legacyPackages",
          "aarch64-linux",
          "python2"
        ],
        "info": {
          "broken": false,
          "description": "A high-level dynamically-typed programming language",
          "license": "Python-2.0",
          "pname": "python",
          "unfree": false,
          "version": "2.7.18.7"
        },
        "input": {
          "attrs": {
            "lastModified": 1718132686,
            "narHash": "sha256-JRinkq+FeAkYnrrK8+Bh+jtLHJBN5jDzSimk1ye00EE=",
            "owner": "NixOS",
            "repo": "nixpkgs",
            "rev": "96b3dae4f8753c1f5ce0d06b57fe250fb5d9b0e0",
            "type": "github"
          },
          "fingerprint": "d00f00cc0b4a10cd832ce3f73a3fcdfbab77482451eeabfd99c2f0fb1ada3cb0",
          "url": "github:NixOS/nixpkgs/96b3dae4f8753c1f5ce0d06b57fe250fb5d9b0e0"
        },
        "priority": 5
      }
    },
    "x86_64-darwin": {
      "python2": {
        "attr-path": [
          "legacyPackages",
          "x86_64-darwin",
          "python2"
        ],
        "info": {
          "broken": false,
          "description": "A high-level dynamically-typed programming language",
          "license": "Python-2.0",
          "pname": "python",
          "unfree": false,
          "version": "2.7.18.7"
        },
        "input": {
          "attrs": {
            "lastModified": 1718132686,
            "narHash": "sha256-JRinkq+FeAkYnrrK8+Bh+jtLHJBN5jDzSimk1ye00EE=",
            "owner": "NixOS",
            "repo": "nixpkgs",
            "rev": "96b3dae4f8753c1f5ce0d06b57fe250fb5d9b0e0",
            "type": "github"
          },
          "fingerprint": "d00f00cc0b4a10cd832ce3f73a3fcdfbab77482451eeabfd99c2f0fb1ada3cb0",
          "url": "github:NixOS/nixpkgs/96b3dae4f8753c1f5ce0d06b57fe250fb5d9b0e0"
        },
        "priority": 5
      }
    },
    "x86_64-linux": {
      "python2": {
        "attr-path": [
          "legacyPackages",
          "x86_64-linux",
          "python2"
        ],
        "info": {
          "broken": false,
          "description": "A high-level dynamically-typed programming language",
          "license": "Python-2.0",
          "pname": "python",
          "unfree": false,
          "version": "2.7.18.7"
        },
        "input": {
          "attrs": {
            "lastModified": 1718132686,
            "narHash": "sha256-JRinkq+FeAkYnrrK8+Bh+jtLHJBN5jDzSimk1ye00EE=",
            "owner": "NixOS",
            "repo": "nixpkgs",
            "rev": "96b3dae4f8753c1f5ce0d06b57fe250fb5d9b0e0",
            "type": "github"
          },
          "fingerprint": "d00f00cc0b4a10cd832ce3f73a3fcdfbab77482451eeabfd99c2f0fb1ada3cb0",
          "url": "github:NixOS/nixpkgs/96b3dae4f8753c1f5ce0d06b57fe250fb5d9b0e0"
        },
        "priority": 5
      }
    }
  },
  "registry": {
    "defaults": {
      "subtrees": null
    },
    "inputs": {
      "nixpkgs": {
        "from": {
          "lastModified": 1718132686,
          "narHash": "sha256-JRinkq+FeAkYnrrK8+Bh+jtLHJBN5jDzSimk1ye00EE=",
          "owner": "NixOS",
          "repo": "nixpkgs",
          "rev": "96b3dae4f8753c1f5ce0d06b57fe250fb5d9b0e0",
          "type": "github"
        },
        "subtrees": [
          "legacyPackages"
        ]
      }
    },
    "priority": [
      "nixpkgs"
    ]
  }
}