{
  "nodes": {
    "nixpkgs": {
      "locked": {
        "lastModified": 1704300003,
        "narHash": "sha256-FRC/OlLVvKkrdm+RtrODQPufD0vVZYA0hpH9RPaHmp4=",
        "owner": "nixos",
        "repo": "nixpkgs",
        "rev": "ab5fd150146dcfe41fda501134e6503932cc8dfd",
        "type": "github"
      },
      "original": {
        "owner": "nixos",
        "repo": "nixpkgs",
        "rev": "ab5fd150146dcfe41fda501134e6503932cc8dfd",
        "type": "github"
      }
    },
    "root": {
      "inputs": {
        "nixpkgs": "nixpkgs"
      }
    }
  },
  "root": "root",
  "version": 7
}
