{"lockfile-version":0,"manifest":{"install":{"hello":{"pkg-path":"hello-unfree"}},"options":{"systems":["aarch64-darwin","x86_64-darwin","aarch64-linux","x86_64-linux"]},"registry":{"defaults":{"subtrees":null},"inputs":{"nixpkgs":{"from":{"owner":"NixOS","repo":"nixpkgs","rev":"ab5fd150146dcfe41fda501134e6503932cc8dfd","type":"github"},"subtrees":["legacyPackages"]}},"priority":["nixpkgs"]}},"packages":{"aarch64-darwin":{"hello":{"attr-path":["legacyPackages","aarch64-darwin","hello-unfree"],"info":{"broken":false,"description":"An example package with unfree license (for testing)","license":null,"pname":"example-unfree-package","unfree":true,"version":"1.0"},"input":{"attrs":{"lastModified":1704300003,"narHash":"sha256-FRC/OlLVvKkrdm+RtrODQPufD0vVZYA0hpH9RPaHmp4=","owner":"NixOS","repo":"nixpkgs","rev":"ab5fd150146dcfe41fda501134e6503932cc8dfd","type":"github"},"fingerprint":"9bb3d4c033fbad8efb5e28ffcd1d70383e0c5bbcb7cc5c526b824524467b19b9","url":"github:NixOS/nixpkgs/ab5fd150146dcfe41fda501134e6503932cc8dfd"},"priority":5}},"aarch64-linux":{"hello":{"attr-path":["legacyPackages","aarch64-linux","hello-unfree"],"info":{"broken":false,"description":"An example package with unfree license (for testing)","license":null,"pname":"example-unfree-package","unfree":true,"version":"1.0"},"input":{"attrs":{"lastModified":1704300003,"narHash":"sha256-FRC/OlLVvKkrdm+RtrODQPufD0vVZYA0hpH9RPaHmp4=","owner":"NixOS","repo":"nixpkgs","rev":"ab5fd150146dcfe41fda501134e6503932cc8dfd","type":"github"},"fingerprint":"9bb3d4c033fbad8efb5e28ffcd1d70383e0c5bbcb7cc5c526b824524467b19b9","url":"github:NixOS/nixpkgs/ab5fd150146dcfe41fda501134e6503932cc8dfd"},"priority":5}},"x86_64-darwin":{"hello":{"attr-path":["legacyPackages","x86_64-darwin","hello-unfree"],"info":{"broken":false,"description":"An example package with unfree license (for testing)","license":null,"pname":"example-unfree-package","unfree":true,"version":"1.0"},"input":{"attrs":{"lastModified":1704300003,"narHash":"sha256-FRC/OlLVvKkrdm+RtrODQPufD0vVZYA0hpH9RPaHmp4=","owner":"NixOS","repo":"nixpkgs","rev":"ab5fd150146dcfe41fda501134e6503932cc8dfd","type":"github"},"fingerprint":"9bb3d4c033fbad8efb5e28ffcd1d70383e0c5bbcb7cc5c526b824524467b19b9","url":"github:NixOS/nixpkgs/ab5fd150146dcfe41fda501134e6503932cc8dfd"},"priority":5}},"x86_64-linux":{"hello":{"attr-path":["legacyPackages","x86_64-linux","hello-unfree"],"info":{"broken":false,"description":"An example package with unfree license (for testing)","license":null,"pname":"example-unfree-package","unfree":true,"version":"1.0"},"input":{"attrs":{"lastModified":1704300003,"narHash":"sha256-FRC/OlLVvKkrdm+RtrODQPufD0vVZYA0hpH9RPaHmp4=","owner":"NixOS","repo":"nixpkgs","rev":"ab5fd150146dcfe41fda501134e6503932cc8dfd","type":"github"},"fingerprint":"9bb3d4c033fbad8efb5e28ffcd1d70383e0c5bbcb7cc5c526b824524467b19b9","url":"github:NixOS/nixpkgs/ab5fd150146dcfe41fda501134e6503932cc8dfd"},"priority":5}}},"registry":{"defaults":{"subtrees":null},"inputs":{"nixpkgs":{"from":{"lastModified":1704300003,"narHash":"sha256-FRC/OlLVvKkrdm+RtrODQPufD0vVZYA0hpH9RPaHmp4=","owner":"NixOS","repo":"nixpkgs","rev":"ab5fd150146dcfe41fda501134e6503932cc8dfd","type":"github"},"subtrees":["legacyPackages"]}},"priority":["nixpkgs"]}}
