{
  "nodes": {
    "builtfilter": {
      "inputs": {
        "flox-floxpkgs": [
          "flox-floxpkgs"
        ]
      },
      "locked": {
        "lastModified": 1688654208,
        "narHash": "sha256-GXUr6KzbiMJvalLwTv/dFNdldfqbc5yDS4uktUpdZsw=",
        "owner": "flox",
        "repo": "builtfilter",
        "rev": "441e6eea6920581da0bb5a2924431139bf25a15a",
        "type": "github"
      },
      "original": {
        "owner": "flox",
        "ref": "builtfilter-rs",
        "repo": "builtfilter",
        "type": "github"
      }
    },
    "capacitor": {
      "inputs": {
        "nixpkgs": "nixpkgs",
        "nixpkgs-lib": "nixpkgs-lib"
      },
      "locked": {
        "lastModified": 1675629156,
        "narHash": "sha256-55UOZa4MUTgCwyK8jrskwFLATDuMAvXyC7GGcsF45Xg=",
        "owner": "flox",
        "repo": "capacitor",
        "rev": "0694a193660db2cb1a7a6e04949478b25f81d802",
        "type": "github"
      },
      "original": {
        "owner": "flox",
        "ref": "v0",
        "repo": "capacitor",
        "type": "github"
      }
    },
    "capacitor_2": {
      "inputs": {
        "nixpkgs": [
          "flox-floxpkgs",
          "nixpkgs",
          "nixpkgs"
        ],
        "nixpkgs-lib": "nixpkgs-lib_2"
      },
      "locked": {
        "lastModified": 1675629156,
        "narHash": "sha256-55UOZa4MUTgCwyK8jrskwFLATDuMAvXyC7GGcsF45Xg=",
        "owner": "flox",
        "repo": "capacitor",
        "rev": "0694a193660db2cb1a7a6e04949478b25f81d802",
        "type": "github"
      },
      "original": {
        "owner": "flox",
        "repo": "capacitor",
        "type": "github"
      }
    },
    "crane": {
      "inputs": {
        "flake-compat": "flake-compat",
        "flake-utils": "flake-utils",
        "nixpkgs": "nixpkgs_3",
        "rust-overlay": "rust-overlay"
      },
      "locked": {
        "lastModified": 1688772518,
        "narHash": "sha256-ol7gZxwvgLnxNSZwFTDJJ49xVY5teaSvF7lzlo3YQfM=",
        "owner": "ipetkov",
        "repo": "crane",
        "rev": "8b08e96c9af8c6e3a2b69af5a7fa168750fcf88e",
        "type": "github"
      },
      "original": {
        "owner": "ipetkov",
        "repo": "crane",
        "type": "github"
      }
    },
    "crane_2": {
      "inputs": {
        "flake-compat": "flake-compat_3",
        "flake-utils": "flake-utils_3",
        "nixpkgs": "nixpkgs_6",
        "rust-overlay": "rust-overlay_2"
      },
      "locked": {
        "lastModified": 1688772518,
        "narHash": "sha256-ol7gZxwvgLnxNSZwFTDJJ49xVY5teaSvF7lzlo3YQfM=",
        "owner": "ipetkov",
        "repo": "crane",
        "rev": "8b08e96c9af8c6e3a2b69af5a7fa168750fcf88e",
        "type": "github"
      },
      "original": {
        "owner": "ipetkov",
        "repo": "crane",
        "type": "github"
      }
    },
    "etc-profiles": {
      "inputs": {
        "nixpkgs": "nixpkgs_2"
      },
      "locked": {
        "lastModified": 1688585987,
        "narHash": "sha256-yFOXCPZaYkHoo5+AOL6k4cLFCFvyzy5442zZ/v3jd3w=",
        "owner": "flox",
        "repo": "etc-profiles",
        "rev": "363488fbfe42825cf2efb2b4ca9d633a069d7404",
        "type": "github"
      },
      "original": {
        "owner": "flox",
        "repo": "etc-profiles",
        "type": "github"
      }
    },
    "flake-compat": {
      "flake": false,
      "locked": {
        "lastModified": 1673956053,
        "narHash": "sha256-4gtG9iQuiKITOjNQQeQIpoIB6b16fm+504Ch3sNKLd8=",
        "owner": "edolstra",
        "repo": "flake-compat",
        "rev": "35bb57c0c8d8b62bbfd284272c928ceb64ddbde9",
        "type": "github"
      },
      "original": {
        "owner": "edolstra",
        "repo": "flake-compat",
        "type": "github"
      }
    },
    "flake-compat_2": {
      "flake": false,
      "locked": {
        "lastModified": 1673956053,
        "narHash": "sha256-4gtG9iQuiKITOjNQQeQIpoIB6b16fm+504Ch3sNKLd8=",
        "owner": "edolstra",
        "repo": "flake-compat",
        "rev": "35bb57c0c8d8b62bbfd284272c928ceb64ddbde9",
        "type": "github"
      },
      "original": {
        "owner": "edolstra",
        "repo": "flake-compat",
        "type": "github"
      }
    },
    "flake-compat_3": {
      "flake": false,
      "locked": {
        "lastModified": 1673956053,
        "narHash": "sha256-4gtG9iQuiKITOjNQQeQIpoIB6b16fm+504Ch3sNKLd8=",
        "owner": "edolstra",
        "repo": "flake-compat",
        "rev": "35bb57c0c8d8b62bbfd284272c928ceb64ddbde9",
        "type": "github"
      },
      "original": {
        "owner": "edolstra",
        "repo": "flake-compat",
        "type": "github"
      }
    },
    "flake-compat_4": {
      "flake": false,
      "locked": {
        "lastModified": 1673956053,
        "narHash": "sha256-4gtG9iQuiKITOjNQQeQIpoIB6b16fm+504Ch3sNKLd8=",
        "owner": "edolstra",
        "repo": "flake-compat",
        "rev": "35bb57c0c8d8b62bbfd284272c928ceb64ddbde9",
        "type": "github"
      },
      "original": {
        "owner": "edolstra",
        "repo": "flake-compat",
        "type": "github"
      }
    },
    "flake-utils": {
      "inputs": {
        "systems": "systems"
      },
      "locked": {
        "lastModified": 1687709756,
        "narHash": "sha256-Y5wKlQSkgEK2weWdOu4J3riRd+kV/VCgHsqLNTTWQ/0=",
        "owner": "numtide",
        "repo": "flake-utils",
        "rev": "dbabf0ca0c0c4bce6ea5eaf65af5cb694d2082c7",
        "type": "github"
      },
      "original": {
        "owner": "numtide",
        "repo": "flake-utils",
        "type": "github"
      }
    },
    "flake-utils_2": {
      "inputs": {
        "systems": "systems_2"
      },
      "locked": {
        "lastModified": 1685518550,
        "narHash": "sha256-o2d0KcvaXzTrPRIo0kOLV0/QXHhDQ5DTi+OxcjO8xqY=",
        "owner": "numtide",
        "repo": "flake-utils",
        "rev": "a1720a10a6cfe8234c0e93907ffe81be440f4cef",
        "type": "github"
      },
      "original": {
        "owner": "numtide",
        "repo": "flake-utils",
        "type": "github"
      }
    },
    "flake-utils_3": {
      "inputs": {
        "systems": "systems_3"
      },
      "locked": {
        "lastModified": 1687709756,
        "narHash": "sha256-Y5wKlQSkgEK2weWdOu4J3riRd+kV/VCgHsqLNTTWQ/0=",
        "owner": "numtide",
        "repo": "flake-utils",
        "rev": "dbabf0ca0c0c4bce6ea5eaf65af5cb694d2082c7",
        "type": "github"
      },
      "original": {
        "owner": "numtide",
        "repo": "flake-utils",
        "type": "github"
      }
    },
    "flake-utils_4": {
      "inputs": {
        "systems": "systems_4"
      },
      "locked": {
        "lastModified": 1685518550,
        "narHash": "sha256-o2d0KcvaXzTrPRIo0kOLV0/QXHhDQ5DTi+OxcjO8xqY=",
        "owner": "numtide",
        "repo": "flake-utils",
        "rev": "a1720a10a6cfe8234c0e93907ffe81be440f4cef",
        "type": "github"
      },
      "original": {
        "owner": "numtide",
        "repo": "flake-utils",
        "type": "github"
      }
    },
    "floco": {
      "inputs": {
        "nixpkgs": "nixpkgs_4"
      },
      "locked": {
        "lastModified": 1684245865,
        "narHash": "sha256-CJSxo7fvAAjdMaQWALyNG6LKMjOGZC/uxlbX1KuegWU=",
        "owner": "aakropotkin",
        "repo": "floco",
        "rev": "e1231f054258f7d62652109725881767765b1efb",
        "type": "github"
      },
      "original": {
        "owner": "aakropotkin",
        "repo": "floco",
        "rev": "e1231f054258f7d62652109725881767765b1efb",
        "type": "github"
      }
    },
    "floco_2": {
      "inputs": {
        "nixpkgs": "nixpkgs_7"
      },
      "locked": {
        "lastModified": 1684245865,
        "narHash": "sha256-CJSxo7fvAAjdMaQWALyNG6LKMjOGZC/uxlbX1KuegWU=",
        "owner": "aakropotkin",
        "repo": "floco",
        "rev": "e1231f054258f7d62652109725881767765b1efb",
        "type": "github"
      },
      "original": {
        "owner": "aakropotkin",
        "repo": "floco",
        "rev": "e1231f054258f7d62652109725881767765b1efb",
        "type": "github"
      }
    },
    "flox-floxpkgs": {
      "inputs": {
        "builtfilter": "builtfilter",
        "capacitor": "capacitor",
        "etc-profiles": "etc-profiles",
        "flox": [
          "flox-floxpkgs",
          "flox-latest"
        ],
        "flox-latest": "flox-latest",
        "flox-main": "flox-main",
        "nixpkgs": "nixpkgs_10",
        "tracelinks": "tracelinks"
      },
      "locked": {
        "lastModified": 1690263020,
        "narHash": "sha256-RSBxZSf6I/Z4RvWqin981raY9fiqrgQ58iX+jmpQnyA=",
        "owner": "flox",
        "repo": "floxpkgs",
        "rev": "c850aea3987b5ab7bde578972649e8d8d678e431",
        "type": "github"
      },
      "original": {
        "owner": "flox",
        "repo": "floxpkgs",
        "type": "github"
      }
    },
    "flox-latest": {
      "inputs": {
        "crane": "crane",
        "floco": "floco",
        "flox-floxpkgs": [
          "flox-floxpkgs"
        ],
        "shellHooks": "shellHooks"
      },
      "locked": {
        "lastModified": 1689848165,
        "narHash": "sha256-PWg60LaDzlHUR7Qo/vivKsdOnmJp8EgKN+1wZRQr1ic=",
        "ref": "latest",
        "rev": "3df11a4f4bf4c1fc2f8164cbcc12831ae0c68730",
        "revCount": 553,
        "type": "git",
        "url": "https://git@github.com/flox/flox"
      },
      "original": {
        "ref": "latest",
        "type": "git",
        "url": "https://git@github.com/flox/flox"
      }
    },
    "flox-main": {
      "inputs": {
        "crane": "crane_2",
        "floco": "floco_2",
        "flox-floxpkgs": [
          "flox-floxpkgs"
        ],
        "parser-util": "parser-util",
        "shellHooks": "shellHooks_2"
      },
      "locked": {
        "lastModified": 1689982382,
        "narHash": "sha256-HRRZ/IL65h0ZDvvZdon402KnMAhK7swpPQAOVAkoAEQ=",
        "ref": "main",
        "rev": "26da6790404d8dda6ab5d11a6502ea4a37e2a848",
        "revCount": 555,
        "type": "git",
        "url": "https://git@github.com/flox/flox"
      },
      "original": {
        "ref": "main",
        "type": "git",
        "url": "https://git@github.com/flox/flox"
      }
    },
    "gitignore": {
      "inputs": {
        "nixpkgs": [
          "flox-floxpkgs",
          "flox-latest",
          "shellHooks",
          "nixpkgs"
        ]
      },
      "locked": {
        "lastModified": 1660459072,
        "narHash": "sha256-8DFJjXG8zqoONA1vXtgeKXy68KdJL5UaXR8NtVMUbx8=",
        "owner": "hercules-ci",
        "repo": "gitignore.nix",
        "rev": "a20de23b925fd8264fd7fad6454652e142fd7f73",
        "type": "github"
      },
      "original": {
        "owner": "hercules-ci",
        "repo": "gitignore.nix",
        "type": "github"
      }
    },
    "gitignore_2": {
      "inputs": {
        "nixpkgs": [
          "flox-floxpkgs",
          "flox-main",
          "shellHooks",
          "nixpkgs"
        ]
      },
      "locked": {
        "lastModified": 1660459072,
        "narHash": "sha256-8DFJjXG8zqoONA1vXtgeKXy68KdJL5UaXR8NtVMUbx8=",
        "owner": "hercules-ci",
        "repo": "gitignore.nix",
        "rev": "a20de23b925fd8264fd7fad6454652e142fd7f73",
        "type": "github"
      },
      "original": {
        "owner": "hercules-ci",
        "repo": "gitignore.nix",
        "type": "github"
      }
    },
    "nixpkgs": {
      "locked": {
        "lastModified": 1687661089,
        "narHash": "sha256-RhF9PiNfOQpm/Q2BR+2305KDR9FCXD6QJizbZ5vxVvQ=",
        "owner": "flox",
        "repo": "nixpkgs",
        "rev": "f742512ccc99e6ac457d6d4ddce78f283c4bbfde",
        "type": "github"
      },
      "original": {
        "owner": "flox",
        "ref": "stable",
        "repo": "nixpkgs",
        "type": "github"
      }
    },
    "nixpkgs-lib": {
      "locked": {
        "lastModified": 1690073998,
        "narHash": "sha256-qmK+VMvflwUzQSQl4XVP5kbodYLAKThNzq6mZrOM2Mo=",
        "owner": "nix-community",
        "repo": "nixpkgs.lib",
        "rev": "d0545f65611a9625f161d0ff02627bc364e024f6",
        "type": "github"
      },
      "original": {
        "owner": "nix-community",
        "repo": "nixpkgs.lib",
        "type": "github"
      }
    },
    "nixpkgs-lib_2": {
      "locked": {
        "lastModified": 1690073998,
        "narHash": "sha256-qmK+VMvflwUzQSQl4XVP5kbodYLAKThNzq6mZrOM2Mo=",
        "owner": "nix-community",
        "repo": "nixpkgs.lib",
        "rev": "d0545f65611a9625f161d0ff02627bc364e024f6",
        "type": "github"
      },
      "original": {
        "owner": "nix-community",
        "repo": "nixpkgs.lib",
        "type": "github"
      }
    },
    "nixpkgs-stable": {
      "locked": {
        "lastModified": 1685801374,
        "narHash": "sha256-otaSUoFEMM+LjBI1XL/xGB5ao6IwnZOXc47qhIgJe8U=",
        "owner": "NixOS",
        "repo": "nixpkgs",
        "rev": "c37ca420157f4abc31e26f436c1145f8951ff373",
        "type": "github"
      },
      "original": {
        "owner": "NixOS",
        "ref": "nixos-23.05",
        "repo": "nixpkgs",
        "type": "github"
      }
    },
    "nixpkgs-stable_2": {
      "locked": {
        "lastModified": 1685801374,
        "narHash": "sha256-otaSUoFEMM+LjBI1XL/xGB5ao6IwnZOXc47qhIgJe8U=",
        "owner": "NixOS",
        "repo": "nixpkgs",
        "rev": "c37ca420157f4abc31e26f436c1145f8951ff373",
        "type": "github"
      },
      "original": {
        "owner": "NixOS",
        "ref": "nixos-23.05",
        "repo": "nixpkgs",
        "type": "github"
      }
    },
    "nixpkgs-stable_3": {
      "locked": {
        "lastModified": 1687661089,
        "narHash": "sha256-RhF9PiNfOQpm/Q2BR+2305KDR9FCXD6QJizbZ5vxVvQ=",
        "owner": "flox",
        "repo": "nixpkgs",
        "rev": "f742512ccc99e6ac457d6d4ddce78f283c4bbfde",
        "type": "github"
      },
      "original": {
        "owner": "flox",
        "ref": "stable",
        "repo": "nixpkgs",
        "type": "github"
      }
    },
    "nixpkgs-staging": {
      "locked": {
        "lastModified": 1688231357,
        "narHash": "sha256-ZOn16X5jZ6X5ror58gOJAxPfFLAQhZJ6nOUeS4tfFwo=",
        "owner": "flox",
        "repo": "nixpkgs",
        "rev": "645ff62e09d294a30de823cb568e9c6d68e92606",
        "type": "github"
      },
      "original": {
        "owner": "flox",
        "ref": "staging",
        "repo": "nixpkgs",
        "type": "github"
      }
    },
    "nixpkgs-unstable": {
      "locked": {
        "lastModified": 1690031011,
        "narHash": "sha256-kzK0P4Smt7CL53YCdZCBbt9uBFFhE0iNvCki20etAf4=",
        "owner": "flox",
        "repo": "nixpkgs",
        "rev": "12303c652b881435065a98729eb7278313041e49",
        "type": "github"
      },
      "original": {
        "owner": "flox",
        "ref": "unstable",
        "repo": "nixpkgs",
        "type": "github"
      }
    },
    "nixpkgs_10": {
      "inputs": {
        "capacitor": "capacitor_2",
        "flox": [
          "flox-floxpkgs",
          "flox"
        ],
        "flox-floxpkgs": [
          "flox-floxpkgs"
        ],
        "nixpkgs": "nixpkgs_11",
        "nixpkgs-stable": "nixpkgs-stable_3",
        "nixpkgs-staging": "nixpkgs-staging",
        "nixpkgs-unstable": "nixpkgs-unstable",
        "nixpkgs__flox__aarch64-darwin": "nixpkgs__flox__aarch64-darwin",
        "nixpkgs__flox__aarch64-linux": "nixpkgs__flox__aarch64-linux",
        "nixpkgs__flox__i686-linux": "nixpkgs__flox__i686-linux",
        "nixpkgs__flox__x86_64-darwin": "nixpkgs__flox__x86_64-darwin",
        "nixpkgs__flox__x86_64-linux": "nixpkgs__flox__x86_64-linux"
      },
      "locked": {
        "lastModified": 1690262972,
        "narHash": "sha256-Q5djAzMcFI4GWL52s/3VzBLTV2cPiBjk+IYpAx6U+wo=",
        "owner": "flox",
        "repo": "nixpkgs-flox",
        "rev": "453da5b130a43258c2ab95b13fc0fcdb072ecfe7",
        "type": "github"
      },
      "original": {
        "owner": "flox",
        "repo": "nixpkgs-flox",
        "type": "github"
      }
    },
    "nixpkgs_11": {
      "locked": {
        "lastModified": 1687661089,
        "narHash": "sha256-RhF9PiNfOQpm/Q2BR+2305KDR9FCXD6QJizbZ5vxVvQ=",
        "owner": "flox",
        "repo": "nixpkgs",
        "rev": "f742512ccc99e6ac457d6d4ddce78f283c4bbfde",
        "type": "github"
      },
      "original": {
        "id": "nixpkgs-stable",
        "type": "indirect"
      }
    },
    "nixpkgs_2": {
      "locked": {
        "lastModified": 1687977148,
        "narHash": "sha256-gUcXiU2GgjYIc65GOIemdBJZ+lkQxuyIh7OkR9j0gCo=",
        "owner": "NixOS",
        "repo": "nixpkgs",
        "rev": "60a783e00517fce85c42c8c53fe0ed05ded5b2a4",
        "type": "github"
      },
      "original": {
        "id": "nixpkgs",
        "type": "indirect"
      }
    },
    "nixpkgs_3": {
      "locked": {
        "lastModified": 1688221086,
        "narHash": "sha256-cdW6qUL71cNWhHCpMPOJjlw0wzSRP0pVlRn2vqX/VVg=",
        "owner": "NixOS",
        "repo": "nixpkgs",
        "rev": "cd99c2b3c9f160cd004318e0697f90bbd5960825",
        "type": "github"
      },
      "original": {
        "owner": "NixOS",
        "ref": "nixpkgs-unstable",
        "repo": "nixpkgs",
        "type": "github"
      }
    },
    "nixpkgs_4": {
      "locked": {
        "lastModified": 1674236650,
        "narHash": "sha256-B4GKL1YdJnII6DQNNJ4wDW1ySJVx2suB1h/v4Ql8J0Q=",
        "owner": "NixOS",
        "repo": "nixpkgs",
        "rev": "cfb43ad7b941d9c3606fb35d91228da7ebddbfc5",
        "type": "github"
      },
      "original": {
        "id": "nixpkgs",
        "type": "indirect"
      }
    },
    "nixpkgs_5": {
      "locked": {
        "lastModified": 1689261696,
        "narHash": "sha256-LzfUtFs9MQRvIoQ3MfgSuipBVMXslMPH/vZ+nM40LkA=",
        "owner": "NixOS",
        "repo": "nixpkgs",
        "rev": "df1eee2aa65052a18121ed4971081576b25d6b5c",
        "type": "github"
      },
      "original": {
        "owner": "NixOS",
        "ref": "nixpkgs-unstable",
        "repo": "nixpkgs",
        "type": "github"
      }
    },
    "nixpkgs_6": {
      "locked": {
        "lastModified": 1688221086,
        "narHash": "sha256-cdW6qUL71cNWhHCpMPOJjlw0wzSRP0pVlRn2vqX/VVg=",
        "owner": "NixOS",
        "repo": "nixpkgs",
        "rev": "cd99c2b3c9f160cd004318e0697f90bbd5960825",
        "type": "github"
      },
      "original": {
        "owner": "NixOS",
        "ref": "nixpkgs-unstable",
        "repo": "nixpkgs",
        "type": "github"
      }
    },
    "nixpkgs_7": {
      "locked": {
        "lastModified": 1674236650,
        "narHash": "sha256-B4GKL1YdJnII6DQNNJ4wDW1ySJVx2suB1h/v4Ql8J0Q=",
        "owner": "NixOS",
        "repo": "nixpkgs",
        "rev": "cfb43ad7b941d9c3606fb35d91228da7ebddbfc5",
        "type": "github"
      },
      "original": {
        "id": "nixpkgs",
        "type": "indirect"
      }
    },
    "nixpkgs_8": {
      "locked": {
        "lastModified": 1686178082,
        "narHash": "sha256-ll289AxpC7tomi516m5w8yG/U81k3IR68VGui19pRyw=",
        "owner": "NixOS",
        "repo": "nixpkgs",
        "rev": "b9e05544c9b0a382d3416d602791a63ec2e63217",
        "type": "github"
      },
      "original": {
        "owner": "NixOS",
        "repo": "nixpkgs",
        "type": "github"
      }
    },
    "nixpkgs_9": {
      "locked": {
        "lastModified": 1689261696,
        "narHash": "sha256-LzfUtFs9MQRvIoQ3MfgSuipBVMXslMPH/vZ+nM40LkA=",
        "owner": "NixOS",
        "repo": "nixpkgs",
        "rev": "df1eee2aa65052a18121ed4971081576b25d6b5c",
        "type": "github"
      },
      "original": {
        "owner": "NixOS",
        "ref": "nixpkgs-unstable",
        "repo": "nixpkgs",
        "type": "github"
      }
    },
    "nixpkgs__flox__aarch64-darwin": {
      "flake": false,
      "locked": {
        "host": "catalog.floxsdlc.com",
        "lastModified": 1690262846,
        "narHash": "sha256-FeVqddhzoUB5k9H/zNVp8OjKJ6CTbYefh/ctXRjFhJc=",
        "owner": "flox",
        "repo": "nixpkgs-flox",
        "rev": "cfe2611fe3545ac9749bc76a0646f03ed3957da0",
        "type": "github"
      },
      "original": {
        "host": "catalog.floxsdlc.com",
        "owner": "flox",
        "ref": "aarch64-darwin",
        "repo": "nixpkgs-flox",
        "type": "github"
      }
    },
    "nixpkgs__flox__aarch64-linux": {
      "flake": false,
      "locked": {
        "host": "catalog.floxsdlc.com",
        "lastModified": 1690236586,
        "narHash": "sha256-P3doHm6AT8IeDfaq98ZFHBmQCaER+Fty+YP3+BLbj7E=",
        "owner": "flox",
        "repo": "nixpkgs-flox",
        "rev": "bbaff965172486cc9c6edbe68becb312b32733eb",
        "type": "github"
      },
      "original": {
        "host": "catalog.floxsdlc.com",
        "owner": "flox",
        "ref": "aarch64-linux",
        "repo": "nixpkgs-flox",
        "type": "github"
      }
    },
    "nixpkgs__flox__i686-linux": {
      "flake": false,
      "locked": {
        "host": "catalog.floxsdlc.com",
        "lastModified": 1690237036,
        "narHash": "sha256-IBChKo08PmNfknkxvojb2vkYJJ/uytz8i6QEd/lNBtI=",
        "owner": "flox",
        "repo": "nixpkgs-flox",
        "rev": "4383db6ecb4b337d576ed2fce17fd3521b22f5de",
        "type": "github"
      },
      "original": {
        "host": "catalog.floxsdlc.com",
        "owner": "flox",
        "ref": "i686-linux",
        "repo": "nixpkgs-flox",
        "type": "github"
      }
    },
    "nixpkgs__flox__x86_64-darwin": {
      "flake": false,
      "locked": {
        "host": "catalog.floxsdlc.com",
        "lastModified": 1690237025,
        "narHash": "sha256-g2TQ+/PSWCbzeyqoM54TTorNGzgCBzPMvAgO/ithQao=",
        "owner": "flox",
        "repo": "nixpkgs-flox",
        "rev": "21c22a944047220c27abdec103de4f50e37c1299",
        "type": "github"
      },
      "original": {
        "host": "catalog.floxsdlc.com",
        "owner": "flox",
        "ref": "x86_64-darwin",
        "repo": "nixpkgs-flox",
        "type": "github"
      }
    },
    "nixpkgs__flox__x86_64-linux": {
      "flake": false,
      "locked": {
        "host": "catalog.floxsdlc.com",
        "lastModified": 1690236997,
        "narHash": "sha256-GWGy2+vvfTGmfHISPg3kLy8ab4EMYRopUw/JxcRAOjA=",
        "owner": "flox",
        "repo": "nixpkgs-flox",
        "rev": "599c6fa57a56965d9e47005d9c1a7dded9e3dbe8",
        "type": "github"
      },
      "original": {
        "host": "catalog.floxsdlc.com",
        "owner": "flox",
        "ref": "x86_64-linux",
        "repo": "nixpkgs-flox",
        "type": "github"
      }
    },
    "parser-util": {
      "inputs": {
        "nixpkgs": "nixpkgs_8"
      },
      "locked": {
        "lastModified": 1689966475,
        "narHash": "sha256-f+AL7gVt61kj7NkZ7xC4CneYiwLHxfF+s21Al5/UEWM=",
        "owner": "flox",
        "repo": "parser-util",
        "rev": "1df96a9344d3f0568111202e10fbfa5f5c393a52",
        "type": "github"
      },
      "original": {
        "owner": "flox",
        "ref": "v0",
        "repo": "parser-util",
        "type": "github"
      }
    },
    "root": {
      "inputs": {
        "flox-floxpkgs": "flox-floxpkgs"
      }
    },
    "rust-overlay": {
      "inputs": {
        "flake-utils": [
          "flox-floxpkgs",
          "flox-latest",
          "crane",
          "flake-utils"
        ],
        "nixpkgs": [
          "flox-floxpkgs",
          "flox-latest",
          "crane",
          "nixpkgs"
        ]
      },
      "locked": {
        "lastModified": 1688351637,
        "narHash": "sha256-CLTufJ29VxNOIZ8UTg0lepsn3X03AmopmaLTTeHDCL4=",
        "owner": "oxalica",
        "repo": "rust-overlay",
        "rev": "f9b92316727af9e6c7fee4a761242f7f46880329",
        "type": "github"
      },
      "original": {
        "owner": "oxalica",
        "repo": "rust-overlay",
        "type": "github"
      }
    },
    "rust-overlay_2": {
      "inputs": {
        "flake-utils": [
          "flox-floxpkgs",
          "flox-main",
          "crane",
          "flake-utils"
        ],
        "nixpkgs": [
          "flox-floxpkgs",
          "flox-main",
          "crane",
          "nixpkgs"
        ]
      },
      "locked": {
        "lastModified": 1688351637,
        "narHash": "sha256-CLTufJ29VxNOIZ8UTg0lepsn3X03AmopmaLTTeHDCL4=",
        "owner": "oxalica",
        "repo": "rust-overlay",
        "rev": "f9b92316727af9e6c7fee4a761242f7f46880329",
        "type": "github"
      },
      "original": {
        "owner": "oxalica",
        "repo": "rust-overlay",
        "type": "github"
      }
    },
    "shellHooks": {
      "inputs": {
        "flake-compat": "flake-compat_2",
        "flake-utils": "flake-utils_2",
        "gitignore": "gitignore",
        "nixpkgs": "nixpkgs_5",
        "nixpkgs-stable": "nixpkgs-stable"
      },
      "locked": {
        "lastModified": 1689668210,
        "narHash": "sha256-XAATwDkaUxH958yXLs1lcEOmU6pSEIkatY3qjqk8X0E=",
        "owner": "cachix",
        "repo": "pre-commit-hooks.nix",
        "rev": "eb433bff05b285258be76513add6f6c57b441775",
        "type": "github"
      },
      "original": {
        "owner": "cachix",
        "repo": "pre-commit-hooks.nix",
        "type": "github"
      }
    },
    "shellHooks_2": {
      "inputs": {
        "flake-compat": "flake-compat_4",
        "flake-utils": "flake-utils_4",
        "gitignore": "gitignore_2",
        "nixpkgs": "nixpkgs_9",
        "nixpkgs-stable": "nixpkgs-stable_2"
      },
      "locked": {
        "lastModified": 1689668210,
        "narHash": "sha256-XAATwDkaUxH958yXLs1lcEOmU6pSEIkatY3qjqk8X0E=",
        "owner": "cachix",
        "repo": "pre-commit-hooks.nix",
        "rev": "eb433bff05b285258be76513add6f6c57b441775",
        "type": "github"
      },
      "original": {
        "owner": "cachix",
        "repo": "pre-commit-hooks.nix",
        "type": "github"
      }
    },
    "systems": {
      "locked": {
        "lastModified": 1681028828,
        "narHash": "sha256-Vy1rq5AaRuLzOxct8nz4T6wlgyUR7zLU309k9mBC768=",
        "owner": "nix-systems",
        "repo": "default",
        "rev": "da67096a3b9bf56a91d16901293e51ba5b49a27e",
        "type": "github"
      },
      "original": {
        "owner": "nix-systems",
        "repo": "default",
        "type": "github"
      }
    },
    "systems_2": {
      "locked": {
        "lastModified": 1681028828,
        "narHash": "sha256-Vy1rq5AaRuLzOxct8nz4T6wlgyUR7zLU309k9mBC768=",
        "owner": "nix-systems",
        "repo": "default",
        "rev": "da67096a3b9bf56a91d16901293e51ba5b49a27e",
        "type": "github"
      },
      "original": {
        "owner": "nix-systems",
        "repo": "default",
        "type": "github"
      }
    },
    "systems_3": {
      "locked": {
        "lastModified": 1681028828,
        "narHash": "sha256-Vy1rq5AaRuLzOxct8nz4T6wlgyUR7zLU309k9mBC768=",
        "owner": "nix-systems",
        "repo": "default",
        "rev": "da67096a3b9bf56a91d16901293e51ba5b49a27e",
        "type": "github"
      },
      "original": {
        "owner": "nix-systems",
        "repo": "default",
        "type": "github"
      }
    },
    "systems_4": {
      "locked": {
        "lastModified": 1681028828,
        "narHash": "sha256-Vy1rq5AaRuLzOxct8nz4T6wlgyUR7zLU309k9mBC768=",
        "owner": "nix-systems",
        "repo": "default",
        "rev": "da67096a3b9bf56a91d16901293e51ba5b49a27e",
        "type": "github"
      },
      "original": {
        "owner": "nix-systems",
        "repo": "default",
        "type": "github"
      }
    },
    "tracelinks": {
      "inputs": {
        "flox-floxpkgs": [
          "flox-floxpkgs"
        ]
      },
      "locked": {
        "lastModified": 1683889723,
        "narHash": "sha256-h7LMr8tgu4RJecin4oEO50WoTU0rTomAW9+7AJroX0Y=",
        "ref": "main",
        "rev": "e05561bdd0ed9d10c66e35a1d8e66defab949534",
        "revCount": 11,
        "type": "git",
        "url": "ssh://git@github.com/flox/tracelinks"
      },
      "original": {
        "ref": "main",
        "type": "git",
        "url": "ssh://git@github.com/flox/tracelinks"
      }
    }
  },
  "root": "root",
  "version": 7
}
