{
  "nodes": {
    "builtfilter": {
      "inputs": {
        "flox-floxpkgs": [
          "flox-floxpkgs"
        ]
      },
      "locked": {
        "lastModified": 1683889736,
        "narHash": "sha256-Sxn6VNrojAl9Tu0dDy6ZqPUe0GNwRKwzHAkptXM63Wg=",
        "owner": "flox",
        "repo": "builtfilter",
        "rev": "f29903b144bb20e5be80f55d3fafa323c28a2cb0",
        "type": "github"
      },
      "original": {
        "owner": "flox",
        "ref": "builtfilter-rs",
        "repo": "builtfilter",
        "type": "github"
      }
    },
    "capacitor": {
      "inputs": {
        "nixpkgs": "nixpkgs",
        "nixpkgs-lib": "nixpkgs-lib"
      },
      "locked": {
        "lastModified": 1675629156,
        "narHash": "sha256-55UOZa4MUTgCwyK8jrskwFLATDuMAvXyC7GGcsF45Xg=",
        "owner": "flox",
        "repo": "capacitor",
        "rev": "0694a193660db2cb1a7a6e04949478b25f81d802",
        "type": "github"
      },
      "original": {
        "owner": "flox",
        "ref": "v0",
        "repo": "capacitor",
        "type": "github"
      }
    },
    "capacitor_2": {
      "inputs": {
        "nixpkgs": [
          "flox-floxpkgs",
          "nixpkgs",
          "nixpkgs"
        ],
        "nixpkgs-lib": "nixpkgs-lib_2"
      },
      "locked": {
        "lastModified": 1675629156,
        "narHash": "sha256-55UOZa4MUTgCwyK8jrskwFLATDuMAvXyC7GGcsF45Xg=",
        "owner": "flox",
        "repo": "capacitor",
        "rev": "0694a193660db2cb1a7a6e04949478b25f81d802",
        "type": "github"
      },
      "original": {
        "owner": "flox",
        "repo": "capacitor",
        "type": "github"
      }
    },
    "flake-compat": {
      "flake": false,
      "locked": {
        "lastModified": 1673956053,
        "narHash": "sha256-4gtG9iQuiKITOjNQQeQIpoIB6b16fm+504Ch3sNKLd8=",
        "owner": "edolstra",
        "repo": "flake-compat",
        "rev": "35bb57c0c8d8b62bbfd284272c928ceb64ddbde9",
        "type": "github"
      },
      "original": {
        "owner": "edolstra",
        "repo": "flake-compat",
        "type": "github"
      }
    },
    "flake-utils": {
      "locked": {
        "lastModified": 1667395993,
        "narHash": "sha256-nuEHfE/LcWyuSWnS8t12N1wc105Qtau+/OdUAjtQ0rA=",
        "owner": "numtide",
        "repo": "flake-utils",
        "rev": "5aed5285a952e0b949eb3ba02c12fa4fcfef535f",
        "type": "github"
      },
      "original": {
        "owner": "numtide",
        "repo": "flake-utils",
        "type": "github"
      }
    },
    "floco": {
      "inputs": {
        "nixpkgs": "nixpkgs_2"
      },
      "locked": {
        "lastModified": 1684245865,
        "narHash": "sha256-CJSxo7fvAAjdMaQWALyNG6LKMjOGZC/uxlbX1KuegWU=",
        "owner": "aakropotkin",
        "repo": "floco",
        "rev": "e1231f054258f7d62652109725881767765b1efb",
        "type": "github"
      },
      "original": {
        "owner": "aakropotkin",
        "repo": "floco",
        "rev": "e1231f054258f7d62652109725881767765b1efb",
        "type": "github"
      }
    },
    "flox": {
      "inputs": {
        "floco": "floco",
        "flox-floxpkgs": [
          "flox-floxpkgs"
        ],
        "shellHooks": "shellHooks"
      },
      "locked": {
        "lastModified": 1685615168,
        "narHash": "sha256-ZIp5QbR5aiK5Nu1mfYcQEcN+Ez3vFDpzmoi2KF2hDI4=",
        "ref": "latest",
        "rev": "53f93a799b548107ee5ad199c9284a1fe3b4f1fd",
        "revCount": 491,
        "type": "git",
        "url": "ssh://git@github.com/flox/flox"
      },
      "original": {
        "ref": "latest",
        "type": "git",
        "url": "ssh://git@github.com/flox/flox"
      }
    },
    "flox-floxpkgs": {
      "inputs": {
        "builtfilter": "builtfilter",
        "capacitor": "capacitor",
        "flox": "flox",
        "nixpkgs": "nixpkgs_4",
        "tracelinks": "tracelinks"
      },
      "locked": {
        "lastModified": 1686065811,
        "narHash": "sha256-LdnomIvJEGsR2oBPGMcNwXAAMl2DJ/FsUq95eZgjKuY=",
        "owner": "flox",
        "repo": "floxpkgs",
        "rev": "95599839de00ffa63a6bd245a1951affca98b9dd",
        "type": "github"
      },
      "original": {
        "owner": "flox",
        "repo": "floxpkgs",
        "type": "github"
      }
    },
    "gitignore": {
      "inputs": {
        "nixpkgs": [
          "flox-floxpkgs",
          "flox",
          "shellHooks",
          "nixpkgs"
        ]
      },
      "locked": {
        "lastModified": 1660459072,
        "narHash": "sha256-8DFJjXG8zqoONA1vXtgeKXy68KdJL5UaXR8NtVMUbx8=",
        "owner": "hercules-ci",
        "repo": "gitignore.nix",
        "rev": "a20de23b925fd8264fd7fad6454652e142fd7f73",
        "type": "github"
      },
      "original": {
        "owner": "hercules-ci",
        "repo": "gitignore.nix",
        "type": "github"
      }
    },
    "nixpkgs": {
      "locked": {
        "lastModified": 1684754342,
        "narHash": "sha256-plGnjnbnPLoZCTdQX21oT7xliQhFtgcWlkuDHgtEb1o=",
        "owner": "flox",
        "repo": "nixpkgs",
        "rev": "7084250df3d7f9735087d3234407f3c1fc2400e3",
        "type": "github"
      },
      "original": {
        "owner": "flox",
        "ref": "stable",
        "repo": "nixpkgs",
        "type": "github"
      }
    },
    "nixpkgs-lib": {
      "locked": {
        "lastModified": 1685840432,
        "narHash": "sha256-VJIbiKsY7Xy4E4WcgwUt/UiwYDmN5BAk8tngAjcWsqY=",
        "owner": "nix-community",
        "repo": "nixpkgs.lib",
        "rev": "961e99baaaa57f5f7042fe7ce089a88786c839f4",
        "type": "github"
      },
      "original": {
        "owner": "nix-community",
        "repo": "nixpkgs.lib",
        "type": "github"
      }
    },
    "nixpkgs-lib_2": {
      "locked": {
        "lastModified": 1685561605,
        "narHash": "sha256-LqEu1IWP8UWKxwwrpPtp1/p+JRCaUI0hl8e4hht5YdI=",
        "owner": "nix-community",
        "repo": "nixpkgs.lib",
        "rev": "75aeea15ee4971c52c56bbbee84066e74d53d858",
        "type": "github"
      },
      "original": {
        "owner": "nix-community",
        "repo": "nixpkgs.lib",
        "type": "github"
      }
    },
    "nixpkgs-stable": {
      "locked": {
        "lastModified": 1678872516,
        "narHash": "sha256-/E1YwtMtFAu2KUQKV/1+KFuReYPANM2Rzehk84VxVoc=",
        "owner": "NixOS",
        "repo": "nixpkgs",
        "rev": "9b8e5abb18324c7fe9f07cb100c3cd4a29cda8b8",
        "type": "github"
      },
      "original": {
        "owner": "NixOS",
        "ref": "nixos-22.11",
        "repo": "nixpkgs",
        "type": "github"
      }
    },
    "nixpkgs-stable_2": {
      "locked": {
        "lastModified": 1684754342,
        "narHash": "sha256-plGnjnbnPLoZCTdQX21oT7xliQhFtgcWlkuDHgtEb1o=",
        "owner": "flox",
        "repo": "nixpkgs",
        "rev": "7084250df3d7f9735087d3234407f3c1fc2400e3",
        "type": "github"
      },
      "original": {
        "owner": "flox",
        "ref": "stable",
        "repo": "nixpkgs",
        "type": "github"
      }
    },
    "nixpkgs-staging": {
      "locked": {
        "lastModified": 1684754342,
        "narHash": "sha256-plGnjnbnPLoZCTdQX21oT7xliQhFtgcWlkuDHgtEb1o=",
        "owner": "flox",
        "repo": "nixpkgs",
        "rev": "7084250df3d7f9735087d3234407f3c1fc2400e3",
        "type": "github"
      },
      "original": {
        "owner": "flox",
        "ref": "staging",
        "repo": "nixpkgs",
        "type": "github"
      }
    },
    "nixpkgs-unstable": {
      "locked": {
        "lastModified": 1684754342,
        "narHash": "sha256-plGnjnbnPLoZCTdQX21oT7xliQhFtgcWlkuDHgtEb1o=",
        "owner": "flox",
        "repo": "nixpkgs",
        "rev": "7084250df3d7f9735087d3234407f3c1fc2400e3",
        "type": "github"
      },
      "original": {
        "owner": "flox",
        "ref": "unstable",
        "repo": "nixpkgs",
        "type": "github"
      }
    },
    "nixpkgs_2": {
      "locked": {
        "lastModified": 1674236650,
        "narHash": "sha256-B4GKL1YdJnII6DQNNJ4wDW1ySJVx2suB1h/v4Ql8J0Q=",
        "owner": "NixOS",
        "repo": "nixpkgs",
        "rev": "cfb43ad7b941d9c3606fb35d91228da7ebddbfc5",
        "type": "github"
      },
      "original": {
        "id": "nixpkgs",
        "type": "indirect"
      }
    },
    "nixpkgs_3": {
      "locked": {
        "lastModified": 1681303793,
        "narHash": "sha256-JEdQHsYuCfRL2PICHlOiH/2ue3DwoxUX7DJ6zZxZXFk=",
        "owner": "NixOS",
        "repo": "nixpkgs",
        "rev": "fe2ecaf706a5907b5e54d979fbde4924d84b65fc",
        "type": "github"
      },
      "original": {
        "owner": "NixOS",
        "ref": "nixos-unstable",
        "repo": "nixpkgs",
        "type": "github"
      }
    },
    "nixpkgs_4": {
      "inputs": {
        "capacitor": "capacitor_2",
        "flox": [
          "flox-floxpkgs",
          "flox"
        ],
        "flox-floxpkgs": [
          "flox-floxpkgs"
        ],
        "nixpkgs": "nixpkgs_5",
        "nixpkgs-stable": "nixpkgs-stable_2",
        "nixpkgs-staging": "nixpkgs-staging",
        "nixpkgs-unstable": "nixpkgs-unstable",
        "nixpkgs__flox__aarch64-darwin": "nixpkgs__flox__aarch64-darwin",
        "nixpkgs__flox__aarch64-linux": "nixpkgs__flox__aarch64-linux",
        "nixpkgs__flox__i686-linux": "nixpkgs__flox__i686-linux",
        "nixpkgs__flox__x86_64-darwin": "nixpkgs__flox__x86_64-darwin",
        "nixpkgs__flox__x86_64-linux": "nixpkgs__flox__x86_64-linux"
      },
      "locked": {
        "lastModified": 1685839832,
        "narHash": "sha256-RTAWQ/lRZPOpHwxYRLQqva5aTw5wuBC/FsE4Qvof3nY=",
        "owner": "flox",
        "repo": "nixpkgs-flox",
        "rev": "03eb5c0a1e88c2b185f756e25fecd6c6253877e1",
        "type": "github"
      },
      "original": {
        "owner": "flox",
        "repo": "nixpkgs-flox",
        "type": "github"
      }
    },
    "nixpkgs_5": {
      "locked": {
        "lastModified": 1684754342,
        "narHash": "sha256-plGnjnbnPLoZCTdQX21oT7xliQhFtgcWlkuDHgtEb1o=",
        "owner": "flox",
        "repo": "nixpkgs",
        "rev": "7084250df3d7f9735087d3234407f3c1fc2400e3",
        "type": "github"
      },
      "original": {
        "id": "nixpkgs-stable",
        "type": "indirect"
      }
    },
    "nixpkgs__flox__aarch64-darwin": {
      "flake": false,
      "locked": {
        "host": "catalog.floxsdlc.com",
        "lastModified": 1685839397,
        "narHash": "sha256-tnONvFxMpI+jwmtOBidAJnS43xdVv5xYb/e/nWrBpTU=",
        "owner": "flox",
        "repo": "nixpkgs-flox",
        "rev": "70c8b1abfe9b9e89b283d562a68631d63c80e9f1",
        "type": "github"
      },
      "original": {
        "host": "catalog.floxsdlc.com",
        "owner": "flox",
        "ref": "aarch64-darwin",
        "repo": "nixpkgs-flox",
        "type": "github"
      }
    },
    "nixpkgs__flox__aarch64-linux": {
      "flake": false,
      "locked": {
        "host": "catalog.floxsdlc.com",
        "lastModified": 1685839359,
        "narHash": "sha256-XDz7W+J9cmaqEIBpA4R1hTFVC6gU4cB6DuUK2HMkvBc=",
        "owner": "flox",
        "repo": "nixpkgs-flox",
        "rev": "5818b58bc6509d6f3b951601b7ac666e363ee4af",
        "type": "github"
      },
      "original": {
        "host": "catalog.floxsdlc.com",
        "owner": "flox",
        "ref": "aarch64-linux",
        "repo": "nixpkgs-flox",
        "type": "github"
      }
    },
    "nixpkgs__flox__i686-linux": {
      "flake": false,
      "locked": {
        "host": "catalog.floxsdlc.com",
        "lastModified": 1685839747,
        "narHash": "sha256-lYt8GcYNVkoDDZGM0Sz1DN2veRlKrb9GbS+mb5aSxco=",
        "owner": "flox",
        "repo": "nixpkgs-flox",
        "rev": "9c5ffd59b75ed17d4e8551d579d3df665bb3c2fd",
        "type": "github"
      },
      "original": {
        "host": "catalog.floxsdlc.com",
        "owner": "flox",
        "ref": "i686-linux",
        "repo": "nixpkgs-flox",
        "type": "github"
      }
    },
    "nixpkgs__flox__x86_64-darwin": {
      "flake": false,
      "locked": {
        "host": "catalog.floxsdlc.com",
        "lastModified": 1685839730,
        "narHash": "sha256-RbLL6E8ZwcNgZdRJDkzW/pa27d87NItB5yqEbOWwCMM=",
        "owner": "flox",
        "repo": "nixpkgs-flox",
        "rev": "773ca8c0a9fea331f9326608a89c14b5cd50e78f",
        "type": "github"
      },
      "original": {
        "host": "catalog.floxsdlc.com",
        "owner": "flox",
        "ref": "x86_64-darwin",
        "repo": "nixpkgs-flox",
        "type": "github"
      }
    },
    "nixpkgs__flox__x86_64-linux": {
      "flake": false,
      "locked": {
        "host": "catalog.floxsdlc.com",
        "lastModified": 1685839663,
        "narHash": "sha256-Co1e9gCYTnboVE+h8/OKsD0ntX1IRWcS9ZOdlfnYxX0=",
        "owner": "flox",
        "repo": "nixpkgs-flox",
        "rev": "72a60d4ce8d0dd5cb0111234fa7c5f8760cc3d1b",
        "type": "github"
      },
      "original": {
        "host": "catalog.floxsdlc.com",
        "owner": "flox",
        "ref": "x86_64-linux",
        "repo": "nixpkgs-flox",
        "type": "github"
      }
    },
    "root": {
      "inputs": {
        "flox-floxpkgs": "flox-floxpkgs"
      }
    },
    "shellHooks": {
      "inputs": {
        "flake-compat": "flake-compat",
        "flake-utils": "flake-utils",
        "gitignore": "gitignore",
        "nixpkgs": "nixpkgs_3",
        "nixpkgs-stable": "nixpkgs-stable"
      },
      "locked": {
        "lastModified": 1685361114,
        "narHash": "sha256-4RjrlSb+OO+e1nzTExKW58o3WRwVGpXwj97iCta8aj4=",
        "owner": "cachix",
        "repo": "pre-commit-hooks.nix",
        "rev": "ca2fdbf3edda2a38140184da6381d49f8206eaf4",
        "type": "github"
      },
      "original": {
        "owner": "cachix",
        "repo": "pre-commit-hooks.nix",
        "type": "github"
      }
    },
    "tracelinks": {
      "inputs": {
        "flox-floxpkgs": [
          "flox-floxpkgs"
        ]
      },
      "locked": {
        "lastModified": 1683889723,
        "narHash": "sha256-h7LMr8tgu4RJecin4oEO50WoTU0rTomAW9+7AJroX0Y=",
        "ref": "main",
        "rev": "e05561bdd0ed9d10c66e35a1d8e66defab949534",
        "revCount": 11,
        "type": "git",
        "url": "ssh://git@github.com/flox/tracelinks"
      },
      "original": {
        "ref": "main",
        "type": "git",
        "url": "ssh://git@github.com/flox/tracelinks"
      }
    }
  },
  "root": "root",
  "version": 7
}
