{
  "lockfile-version": 0,
  "manifest": {
    "install": {
      "pip": {
        "pkg-path": "python311Packages.pip"
      }
    },
    "options": {
      "systems": [
        "aarch64-darwin",
        "aarch64-linux",
        "x86_64-darwin",
        "x86_64-linux"
      ]
    },
    "registry": {
      "defaults": {
        "subtrees": null
      },
      "inputs": {
        "nixpkgs": {
          "from": {
            "owner": "NixOS",
            "ref": "release-23.11",
            "repo": "nixpkgs",
            "type": "github"
          },
          "subtrees": [
            "legacyPackages"
          ]
        }
      },
      "priority": [
        "nixpkgs"
      ]
    }
  },
  "packages": {
    "aarch64-darwin": {
      "pip": {
        "attr-path": [
          "legacyPackages",
          "aarch64-darwin",
          "python311Packages",
          "pip"
        ],
        "info": {
          "broken": false,
          "description": "The PyPA recommended tool for installing Python packages",
          "license": null,
          "pname": "pip",
          "unfree": false,
          "version": "23.2.1"
        },
        "input": {
          "attrs": {
            "lastModified": 1706666764,
            "narHash": "sha256-M59UCWsadEFO+DMdZFMtTlxpFyT3RQIpBLuEX8oziVc=",
            "owner": "NixOS",
            "repo": "nixpkgs",
            "rev": "7731670498f0a22c361c9d68f73d382bce05d7dc",
            "type": "github"
          },
          "fingerprint": "bbc93a7d71106b6b24a3444467780d709b0f0ef8a07ed6c1c8af638e6765443e",
          "url": "github:NixOS/nixpkgs/7731670498f0a22c361c9d68f73d382bce05d7dc"
        },
        "priority": 5
      }
    },
    "aarch64-linux": {
      "pip": {
        "attr-path": [
          "legacyPackages",
          "aarch64-linux",
          "python311Packages",
          "pip"
        ],
        "info": {
          "broken": false,
          "description": "The PyPA recommended tool for installing Python packages",
          "license": null,
          "pname": "pip",
          "unfree": false,
          "version": "23.2.1"
        },
        "input": {
          "attrs": {
            "lastModified": 1706666764,
            "narHash": "sha256-M59UCWsadEFO+DMdZFMtTlxpFyT3RQIpBLuEX8oziVc=",
            "owner": "NixOS",
            "repo": "nixpkgs",
            "rev": "7731670498f0a22c361c9d68f73d382bce05d7dc",
            "type": "github"
          },
          "fingerprint": "bbc93a7d71106b6b24a3444467780d709b0f0ef8a07ed6c1c8af638e6765443e",
          "url": "github:NixOS/nixpkgs/7731670498f0a22c361c9d68f73d382bce05d7dc"
        },
        "priority": 5
      }
    },
    "x86_64-darwin": {
      "pip": {
        "attr-path": [
          "legacyPackages",
          "x86_64-darwin",
          "python311Packages",
          "pip"
        ],
        "info": {
          "broken": false,
          "description": "The PyPA recommended tool for installing Python packages",
          "license": null,
          "pname": "pip",
          "unfree": false,
          "version": "23.2.1"
        },
        "input": {
          "attrs": {
            "lastModified": 1706666764,
            "narHash": "sha256-M59UCWsadEFO+DMdZFMtTlxpFyT3RQIpBLuEX8oziVc=",
            "owner": "NixOS",
            "repo": "nixpkgs",
            "rev": "7731670498f0a22c361c9d68f73d382bce05d7dc",
            "type": "github"
          },
          "fingerprint": "bbc93a7d71106b6b24a3444467780d709b0f0ef8a07ed6c1c8af638e6765443e",
          "url": "github:NixOS/nixpkgs/7731670498f0a22c361c9d68f73d382bce05d7dc"
        },
        "priority": 5
      }
    },
    "x86_64-linux": {
      "pip": {
        "attr-path": [
          "legacyPackages",
          "x86_64-linux",
          "python311Packages",
          "pip"
        ],
        "info": {
          "broken": false,
          "description": "The PyPA recommended tool for installing Python packages",
          "license": null,
          "pname": "pip",
          "unfree": false,
          "version": "23.2.1"
        },
        "input": {
          "attrs": {
            "lastModified": 1706666764,
            "narHash": "sha256-M59UCWsadEFO+DMdZFMtTlxpFyT3RQIpBLuEX8oziVc=",
            "owner": "NixOS",
            "repo": "nixpkgs",
            "rev": "7731670498f0a22c361c9d68f73d382bce05d7dc",
            "type": "github"
          },
          "fingerprint": "bbc93a7d71106b6b24a3444467780d709b0f0ef8a07ed6c1c8af638e6765443e",
          "url": "github:NixOS/nixpkgs/7731670498f0a22c361c9d68f73d382bce05d7dc"
        },
        "priority": 5
      }
    }
  },
  "registry": {
    "defaults": {
      "subtrees": null
    },
    "inputs": {
      "nixpkgs": {
        "from": {
          "lastModified": 1706666764,
          "narHash": "sha256-M59UCWsadEFO+DMdZFMtTlxpFyT3RQIpBLuEX8oziVc=",
          "owner": "NixOS",
          "repo": "nixpkgs",
          "rev": "7731670498f0a22c361c9d68f73d382bce05d7dc",
          "type": "github"
        },
        "subtrees": [
          "legacyPackages"
        ]
      }
    },
    "priority": [
      "nixpkgs"
    ]
  }
}
