when:
  path: /api/v1/catalog/search
  method: GET
then:
  status: 200
  header:
  - name: date
    value: Wed, 28 May 2025 00:32:37 GMT
  - name: content-type
    value: application/json
  - name: content-length
    value: '2960'
  - name: server
    value: uvicorn
  - name: apigw-requestid
    value: LQLxzgs3oAMEM1Q=
  body: '{"items":[{"attr_path":"nodejs_14","catalog":null,"pkg_path":"nodejs_14","name":"nodejs-14.21.3","pname":"nodejs_14","version":"14.21.3","description":"Event-driven I/O framework for the V8 JavaScript engine","stabilities":[],"system":"aarch64-darwin"},{"attr_path":"nodejs_16","catalog":null,"pkg_path":"nodejs_16","name":"nodejs-16.20.2","pname":"nodejs_16","version":"16.20.2","description":"Event-driven I/O framework for the V8 JavaScript engine","stabilities":[],"system":"aarch64-darwin"},{"attr_path":"nodejs_18","catalog":null,"pkg_path":"nodejs_18","name":"nodejs-18.20.8","pname":"nodejs_18","version":"18.20.8","description":"Event-driven I/O framework for the V8 JavaScript engine","stabilities":[],"system":"aarch64-darwin"},{"attr_path":"nodejs_19","catalog":null,"pkg_path":"nodejs_19","name":"nodejs-19.9.0","pname":"nodejs_19","version":"19.9.0","description":"Event-driven I/O framework for the V8 JavaScript engine","stabilities":[],"system":"aarch64-darwin"},{"attr_path":"nodejs_20","catalog":null,"pkg_path":"nodejs_20","name":"nodejs-20.19.2","pname":"nodejs_20","version":"20.19.2","description":"Event-driven I/O framework for the V8 JavaScript engine","stabilities":[],"system":"aarch64-darwin"},{"attr_path":"nodejs_21","catalog":null,"pkg_path":"nodejs_21","name":"nodejs-21.7.3","pname":"nodejs_21","version":"21.7.3","description":"Event-driven I/O framework for the V8 JavaScript engine","stabilities":[],"system":"aarch64-darwin"},{"attr_path":"nodejs_22","catalog":null,"pkg_path":"nodejs_22","name":"nodejs-22.14.0","pname":"nodejs_22","version":"22.14.0","description":"Event-driven I/O framework for the V8 JavaScript engine","stabilities":[],"system":"aarch64-darwin"},{"attr_path":"nodejs_23","catalog":null,"pkg_path":"nodejs_23","name":"nodejs-23.11.0","pname":"nodejs_23","version":"23.11.0","description":"Event-driven I/O framework for the V8 JavaScript engine","stabilities":[],"system":"aarch64-darwin"},{"attr_path":"nodejs_24","catalog":null,"pkg_path":"nodejs_24","name":"nodejs-24.1.0","pname":"nodejs_24","version":"24.1.0","description":"Event-driven I/O framework for the V8 JavaScript engine","stabilities":[],"system":"aarch64-darwin"},{"attr_path":"nodejs_latest","catalog":null,"pkg_path":"nodejs_latest","name":"nodejs-24.1.0","pname":"nodejs_latest","version":"24.1.0","description":"Event-driven I/O framework for the V8 JavaScript engine","stabilities":[],"system":"aarch64-darwin"},{"attr_path":"haxePackages.hxnodejs_4","catalog":null,"pkg_path":"haxePackages.hxnodejs_4","name":"hxnodejs-4.0.9","pname":"hxnodejs_4","version":"4.0.9","description":"Extern definitions for node.js 4.x","stabilities":[],"system":"aarch64-darwin"},{"attr_path":"haxePackages.hxnodejs_6","catalog":null,"pkg_path":"haxePackages.hxnodejs_6","name":"hxnodejs-6.9.0","pname":"hxnodejs_6","version":"6.9.0","description":"Extern definitions for node.js 6.9","stabilities":[],"system":"aarch64-darwin"}],"total_count":12}'
---
when:
  path: /api/v1/catalog/resolve
  method: POST
  body: '{"items":[{"descriptors":[{"allow_broken":null,"allow_insecure":null,"allow_missing_builds":null,"allow_pre_releases":null,"allow_unfree":null,"attr_path":"nodejs_24","install_id":"nodejs_24","systems":["aarch64-darwin","aarch64-linux","x86_64-darwin","x86_64-linux"],"version":"20.18.1"}],"name":"nodejs_24"},{"descriptors":[{"allow_broken":null,"allow_insecure":null,"allow_missing_builds":null,"allow_pre_releases":null,"allow_unfree":null,"attr_path":"nodejs_23","install_id":"nodejs_23","systems":["aarch64-darwin","aarch64-linux","x86_64-darwin","x86_64-linux"],"version":"20.18.1"}],"name":"nodejs_23"},{"descriptors":[{"allow_broken":null,"allow_insecure":null,"allow_missing_builds":null,"allow_pre_releases":null,"allow_unfree":null,"attr_path":"nodejs_22","install_id":"nodejs_22","systems":["aarch64-darwin","aarch64-linux","x86_64-darwin","x86_64-linux"],"version":"20.18.1"}],"name":"nodejs_22"},{"descriptors":[{"allow_broken":null,"allow_insecure":null,"allow_missing_builds":null,"allow_pre_releases":null,"allow_unfree":null,"attr_path":"nodejs_21","install_id":"nodejs_21","systems":["aarch64-darwin","aarch64-linux","x86_64-darwin","x86_64-linux"],"version":"20.18.1"}],"name":"nodejs_21"},{"descriptors":[{"allow_broken":null,"allow_insecure":null,"allow_missing_builds":null,"allow_pre_releases":null,"allow_unfree":null,"attr_path":"nodejs_20","install_id":"nodejs_20","systems":["aarch64-darwin","aarch64-linux","x86_64-darwin","x86_64-linux"],"version":"20.18.1"}],"name":"nodejs_20"},{"descriptors":[{"allow_broken":null,"allow_insecure":null,"allow_missing_builds":null,"allow_pre_releases":null,"allow_unfree":null,"attr_path":"nodejs_19","install_id":"nodejs_19","systems":["aarch64-darwin","aarch64-linux","x86_64-darwin","x86_64-linux"],"version":"20.18.1"}],"name":"nodejs_19"},{"descriptors":[{"allow_broken":null,"allow_insecure":null,"allow_missing_builds":null,"allow_pre_releases":null,"allow_unfree":null,"attr_path":"nodejs_18","install_id":"nodejs_18","systems":["aarch64-darwin","aarch64-linux","x86_64-darwin","x86_64-linux"],"version":"20.18.1"}],"name":"nodejs_18"},{"descriptors":[{"allow_broken":null,"allow_insecure":null,"allow_missing_builds":null,"allow_pre_releases":null,"allow_unfree":null,"attr_path":"nodejs_16","install_id":"nodejs_16","systems":["aarch64-darwin","aarch64-linux","x86_64-darwin","x86_64-linux"],"version":"20.18.1"}],"name":"nodejs_16"},{"descriptors":[{"allow_broken":null,"allow_insecure":null,"allow_missing_builds":null,"allow_pre_releases":null,"allow_unfree":null,"attr_path":"nodejs_14","install_id":"nodejs_14","systems":["aarch64-darwin","aarch64-linux","x86_64-darwin","x86_64-linux"],"version":"20.18.1"}],"name":"nodejs_14"},{"descriptors":[{"allow_broken":null,"allow_insecure":null,"allow_missing_builds":null,"allow_pre_releases":null,"allow_unfree":null,"attr_path":"nodejs","install_id":"nodejs","systems":["aarch64-darwin","aarch64-linux","x86_64-darwin","x86_64-linux"],"version":"20.18.1"}],"name":"nodejs"}]}'
then:
  status: 200
  header:
  - name: date
    value: Wed, 28 May 2025 00:32:38 GMT
  - name: content-type
    value: application/json
  - name: content-length
    value: '8928'
  - name: server
    value: uvicorn
  - name: apigw-requestid
    value: LQLx2iIXoAMEM9A=
  body: '{"items":[{"name":"nodejs_24","page":null,"messages":[{"level":"error","type":"constraints_too_tight","message":"Resolution constraints are too tight.","context":{}}]},{"name":"nodejs_23","page":null,"messages":[{"level":"error","type":"constraints_too_tight","message":"Resolution constraints are too tight.","context":{}}]},{"name":"nodejs_22","page":null,"messages":[{"level":"error","type":"constraints_too_tight","message":"Resolution constraints are too tight.","context":{}}]},{"name":"nodejs_21","page":null,"messages":[{"level":"error","type":"constraints_too_tight","message":"Resolution constraints are too tight.","context":{}}]},{"name":"nodejs_20","page":{"page":745286,"url":"","packages":[{"catalog":"nixpkgs","attr_path":"nodejs_20","pkg_path":"nodejs_20","derivation":"/nix/store/zwzxzzc5hc1hq1n4k5ii7qs4w43a3pax-nodejs-20.18.1.drv","name":"nodejs-20.18.1","pname":"nodejs_20","version":"20.18.1","system":"aarch64-darwin","outputs":[{"name":"out","store_path":"/nix/store/3m2ls02m9saryyfzgmpa4931v6zqwsa1-nodejs-20.18.1"},{"name":"libv8","store_path":"/nix/store/gp5cn9v1w8dhrhln0hzakj9yks0apnb6-nodejs-20.18.1-libv8"}],"outputs_to_install":["out"],"description":"Event-driven I/O framework for the V8 JavaScript engine","license":"MIT","locked_url":"https://github.com/flox/nixpkgs?rev=9d3ae807ebd2981d593cddd0080856873139aa40","rev":"9d3ae807ebd2981d593cddd0080856873139aa40","rev_count":745286,"rev_date":"2025-01-29T09:16:47Z","broken":false,"insecure":false,"unfree":false,"missing_builds":false,"stabilities":["staging","unstable"],"scrape_date":"2025-01-30T03:28:02Z","cache_uri":null,"install_id":"nodejs_20"},{"catalog":"nixpkgs","attr_path":"nodejs_20","pkg_path":"nodejs_20","derivation":"/nix/store/cqbwjxxf7wxah1947dm274bmvvxdla54-nodejs-20.18.1.drv","name":"nodejs-20.18.1","pname":"nodejs_20","version":"20.18.1","system":"aarch64-linux","outputs":[{"name":"out","store_path":"/nix/store/9zv75vg1ca6h8hmkqz26mrs9bc890jfv-nodejs-20.18.1"},{"name":"libv8","store_path":"/nix/store/6q3i53q3hhqjjab40ari4ifmjy26djq4-nodejs-20.18.1-libv8"}],"outputs_to_install":["out"],"description":"Event-driven I/O framework for the V8 JavaScript engine","license":"MIT","locked_url":"https://github.com/flox/nixpkgs?rev=9d3ae807ebd2981d593cddd0080856873139aa40","rev":"9d3ae807ebd2981d593cddd0080856873139aa40","rev_count":745286,"rev_date":"2025-01-29T09:16:47Z","broken":false,"insecure":false,"unfree":false,"missing_builds":false,"stabilities":["staging","unstable"],"scrape_date":"2025-01-30T03:28:02Z","cache_uri":null,"install_id":"nodejs_20"},{"catalog":"nixpkgs","attr_path":"nodejs_20","pkg_path":"nodejs_20","derivation":"/nix/store/d51szv3k3979dcg6hrhk15dms40c4pyr-nodejs-20.18.1.drv","name":"nodejs-20.18.1","pname":"nodejs_20","version":"20.18.1","system":"x86_64-darwin","outputs":[{"name":"out","store_path":"/nix/store/b8hyl1920fxqv1gmphx766ablrc64rj8-nodejs-20.18.1"},{"name":"libv8","store_path":"/nix/store/0s6zkr34k1isj4annpr8qrarfgs6mkhi-nodejs-20.18.1-libv8"}],"outputs_to_install":["out"],"description":"Event-driven I/O framework for the V8 JavaScript engine","license":"MIT","locked_url":"https://github.com/flox/nixpkgs?rev=9d3ae807ebd2981d593cddd0080856873139aa40","rev":"9d3ae807ebd2981d593cddd0080856873139aa40","rev_count":745286,"rev_date":"2025-01-29T09:16:47Z","broken":false,"insecure":false,"unfree":false,"missing_builds":false,"stabilities":["staging","unstable"],"scrape_date":"2025-01-30T03:28:02Z","cache_uri":null,"install_id":"nodejs_20"},{"catalog":"nixpkgs","attr_path":"nodejs_20","pkg_path":"nodejs_20","derivation":"/nix/store/ymahbp6s4yg5n4s4555xm0aj9l5gxmak-nodejs-20.18.1.drv","name":"nodejs-20.18.1","pname":"nodejs_20","version":"20.18.1","system":"x86_64-linux","outputs":[{"name":"out","store_path":"/nix/store/864nd9lys37waw3i5wxy42lp4as51x5s-nodejs-20.18.1"},{"name":"libv8","store_path":"/nix/store/nqj2gr66cd2wan2pn510ymrz1p20xcsg-nodejs-20.18.1-libv8"}],"outputs_to_install":["out"],"description":"Event-driven I/O framework for the V8 JavaScript engine","license":"MIT","locked_url":"https://github.com/flox/nixpkgs?rev=9d3ae807ebd2981d593cddd0080856873139aa40","rev":"9d3ae807ebd2981d593cddd0080856873139aa40","rev_count":745286,"rev_date":"2025-01-29T09:16:47Z","broken":false,"insecure":false,"unfree":false,"missing_builds":false,"stabilities":["staging","unstable"],"scrape_date":"2025-01-30T03:28:02Z","cache_uri":null,"install_id":"nodejs_20"}],"messages":[],"complete":true},"messages":[]},{"name":"nodejs_19","page":null,"messages":[{"level":"error","type":"constraints_too_tight","message":"Resolution constraints are too tight.","context":{}}]},{"name":"nodejs_18","page":null,"messages":[{"level":"error","type":"constraints_too_tight","message":"Resolution constraints are too tight.","context":{}}]},{"name":"nodejs_16","page":null,"messages":[{"level":"error","type":"constraints_too_tight","message":"Resolution constraints are too tight.","context":{}}]},{"name":"nodejs_14","page":null,"messages":[{"level":"error","type":"constraints_too_tight","message":"Resolution constraints are too tight.","context":{}}]},{"name":"nodejs","page":{"page":724962,"url":"","packages":[{"catalog":"nixpkgs","attr_path":"nodejs","pkg_path":"nodejs","derivation":"/nix/store/s6vvykdlbdnvxmwd9vwqn0mrh0pcz56r-nodejs-20.18.1.drv","name":"nodejs-20.18.1","pname":"nodejs","version":"20.18.1","system":"aarch64-darwin","outputs":[{"name":"out","store_path":"/nix/store/f0lm95g31vpknr8jj9xw53cx2rqly2nm-nodejs-20.18.1"},{"name":"libv8","store_path":"/nix/store/l17919sgiw0i3awxlpic9z9a3g2d0rgv-nodejs-20.18.1-libv8"}],"outputs_to_install":["out"],"description":"Event-driven I/O framework for the V8 JavaScript engine","license":"MIT","locked_url":"https://github.com/flox/nixpkgs?rev=d70bd19e0a38ad4790d3913bf08fcbfc9eeca507","rev":"d70bd19e0a38ad4790d3913bf08fcbfc9eeca507","rev_count":724962,"rev_date":"2024-12-19T23:01:11Z","broken":false,"insecure":false,"unfree":false,"missing_builds":false,"stabilities":["stable","staging","unstable"],"scrape_date":"2024-12-23T03:54:12Z","cache_uri":null,"install_id":"nodejs"},{"catalog":"nixpkgs","attr_path":"nodejs","pkg_path":"nodejs","derivation":"/nix/store/ms9gcppam2rwf9nj01864hqlz8qf15m9-nodejs-20.18.1.drv","name":"nodejs-20.18.1","pname":"nodejs","version":"20.18.1","system":"aarch64-linux","outputs":[{"name":"out","store_path":"/nix/store/vqv3dblqx76k185jg4ym5i3dz196lv19-nodejs-20.18.1"},{"name":"libv8","store_path":"/nix/store/1pp9h9ma5ps2w3n7abkd3ipgjnmixwpm-nodejs-20.18.1-libv8"}],"outputs_to_install":["out"],"description":"Event-driven I/O framework for the V8 JavaScript engine","license":"MIT","locked_url":"https://github.com/flox/nixpkgs?rev=d70bd19e0a38ad4790d3913bf08fcbfc9eeca507","rev":"d70bd19e0a38ad4790d3913bf08fcbfc9eeca507","rev_count":724962,"rev_date":"2024-12-19T23:01:11Z","broken":false,"insecure":false,"unfree":false,"missing_builds":false,"stabilities":["stable","staging","unstable"],"scrape_date":"2024-12-23T03:54:12Z","cache_uri":null,"install_id":"nodejs"},{"catalog":"nixpkgs","attr_path":"nodejs","pkg_path":"nodejs","derivation":"/nix/store/ym3v3dr3lp9kz151xxhidm6pnghfgjwl-nodejs-20.18.1.drv","name":"nodejs-20.18.1","pname":"nodejs","version":"20.18.1","system":"x86_64-darwin","outputs":[{"name":"out","store_path":"/nix/store/gbrd92gjhi88lhj43bsa2y9zvcn4vsb8-nodejs-20.18.1"},{"name":"libv8","store_path":"/nix/store/85x3jn8wf6n6ihr3ar70fhgc4p87znsq-nodejs-20.18.1-libv8"}],"outputs_to_install":["out"],"description":"Event-driven I/O framework for the V8 JavaScript engine","license":"MIT","locked_url":"https://github.com/flox/nixpkgs?rev=d70bd19e0a38ad4790d3913bf08fcbfc9eeca507","rev":"d70bd19e0a38ad4790d3913bf08fcbfc9eeca507","rev_count":724962,"rev_date":"2024-12-19T23:01:11Z","broken":false,"insecure":false,"unfree":false,"missing_builds":false,"stabilities":["stable","staging","unstable"],"scrape_date":"2024-12-23T03:54:12Z","cache_uri":null,"install_id":"nodejs"},{"catalog":"nixpkgs","attr_path":"nodejs","pkg_path":"nodejs","derivation":"/nix/store/vw6hibpv5jfhpgak9x8j6jsrsl753jj8-nodejs-20.18.1.drv","name":"nodejs-20.18.1","pname":"nodejs","version":"20.18.1","system":"x86_64-linux","outputs":[{"name":"out","store_path":"/nix/store/wfxq6w9bkp5dcfr8yb6789b0w7128gnb-nodejs-20.18.1"},{"name":"libv8","store_path":"/nix/store/6cpw80r57lyippnjl5knrvymcwalv1m2-nodejs-20.18.1-libv8"}],"outputs_to_install":["out"],"description":"Event-driven I/O framework for the V8 JavaScript engine","license":"MIT","locked_url":"https://github.com/flox/nixpkgs?rev=d70bd19e0a38ad4790d3913bf08fcbfc9eeca507","rev":"d70bd19e0a38ad4790d3913bf08fcbfc9eeca507","rev_count":724962,"rev_date":"2024-12-19T23:01:11Z","broken":false,"insecure":false,"unfree":false,"missing_builds":false,"stabilities":["stable","staging","unstable"],"scrape_date":"2024-12-23T03:54:12Z","cache_uri":null,"install_id":"nodejs"}],"messages":[],"complete":true},"messages":[]}]}'
---
when:
  path: /api/v1/catalog/resolve
  method: POST
  body: '{"items":[{"descriptors":[{"allow_broken":null,"allow_insecure":null,"allow_missing_builds":null,"allow_pre_releases":null,"allow_unfree":null,"attr_path":"yarn-berry","install_id":"yarn-berry","systems":["aarch64-darwin","aarch64-linux","x86_64-darwin","x86_64-linux"],"version":"1.22.22"}],"name":"yarn-berry"},{"descriptors":[{"allow_broken":null,"allow_insecure":null,"allow_missing_builds":null,"allow_pre_releases":null,"allow_unfree":null,"attr_path":"yarn","install_id":"yarn","systems":["aarch64-darwin","aarch64-linux","x86_64-darwin","x86_64-linux"],"version":"1.22.22"}],"name":"yarn"}]}'
then:
  status: 200
  header:
  - name: date
    value: Wed, 28 May 2025 00:32:39 GMT
  - name: content-type
    value: application/json
  - name: content-length
    value: '3563'
  - name: server
    value: uvicorn
  - name: apigw-requestid
    value: LQLyHhkZIAMEM8Q=
  body: '{"items":[{"name":"yarn-berry","page":null,"messages":[{"level":"error","type":"constraints_too_tight","message":"Resolution constraints are too tight.","context":{}}]},{"name":"yarn","page":{"page":804993,"url":"","packages":[{"catalog":"nixpkgs","attr_path":"yarn","pkg_path":"yarn","derivation":"/nix/store/94p4ywdgg4vijzcn724vrkdgv2i5xsfy-yarn-1.22.22.drv","name":"yarn-1.22.22","pname":"yarn","version":"1.22.22","system":"aarch64-darwin","outputs":[{"name":"out","store_path":"/nix/store/050b1pznrwkhlvxf7asfa2ml9xkgc0wa-yarn-1.22.22"}],"outputs_to_install":["out"],"description":"Fast, reliable, and secure dependency management for javascript","license":"BSD-2-Clause","locked_url":"https://github.com/flox/nixpkgs?rev=063f43f2dbdef86376cc29ad646c45c46e93234c","rev":"063f43f2dbdef86376cc29ad646c45c46e93234c","rev_count":804993,"rev_date":"2025-05-23T18:48:26Z","broken":false,"insecure":false,"unfree":false,"missing_builds":false,"stabilities":["unstable"],"scrape_date":"2025-05-26T04:23:18.482561Z","cache_uri":null,"install_id":"yarn"},{"catalog":"nixpkgs","attr_path":"yarn","pkg_path":"yarn","derivation":"/nix/store/jswqg7fgcvaq9wa96qabq1gb9ipr8nx4-yarn-1.22.22.drv","name":"yarn-1.22.22","pname":"yarn","version":"1.22.22","system":"aarch64-linux","outputs":[{"name":"out","store_path":"/nix/store/nw04zkwgqv31x1zvd9nf0bh18bdrdg7r-yarn-1.22.22"}],"outputs_to_install":["out"],"description":"Fast, reliable, and secure dependency management for javascript","license":"BSD-2-Clause","locked_url":"https://github.com/flox/nixpkgs?rev=063f43f2dbdef86376cc29ad646c45c46e93234c","rev":"063f43f2dbdef86376cc29ad646c45c46e93234c","rev_count":804993,"rev_date":"2025-05-23T18:48:26Z","broken":false,"insecure":false,"unfree":false,"missing_builds":false,"stabilities":["unstable"],"scrape_date":"2025-05-26T04:42:29.327190Z","cache_uri":null,"install_id":"yarn"},{"catalog":"nixpkgs","attr_path":"yarn","pkg_path":"yarn","derivation":"/nix/store/m0zpp8y7xf6df8c83s6536zyiqgijifm-yarn-1.22.22.drv","name":"yarn-1.22.22","pname":"yarn","version":"1.22.22","system":"x86_64-darwin","outputs":[{"name":"out","store_path":"/nix/store/jq2dl60lbf9363cb4xnhyjj56gf4ivxl-yarn-1.22.22"}],"outputs_to_install":["out"],"description":"Fast, reliable, and secure dependency management for javascript","license":"BSD-2-Clause","locked_url":"https://github.com/flox/nixpkgs?rev=063f43f2dbdef86376cc29ad646c45c46e93234c","rev":"063f43f2dbdef86376cc29ad646c45c46e93234c","rev_count":804993,"rev_date":"2025-05-23T18:48:26Z","broken":false,"insecure":false,"unfree":false,"missing_builds":false,"stabilities":["unstable"],"scrape_date":"2025-05-26T04:58:29.707862Z","cache_uri":null,"install_id":"yarn"},{"catalog":"nixpkgs","attr_path":"yarn","pkg_path":"yarn","derivation":"/nix/store/h6q2vkag9il2npxz9s38x2mqgmwizjxk-yarn-1.22.22.drv","name":"yarn-1.22.22","pname":"yarn","version":"1.22.22","system":"x86_64-linux","outputs":[{"name":"out","store_path":"/nix/store/zxbyfmaw4rm6bsvw6mlsnv76c4k3906a-yarn-1.22.22"}],"outputs_to_install":["out"],"description":"Fast, reliable, and secure dependency management for javascript","license":"BSD-2-Clause","locked_url":"https://github.com/flox/nixpkgs?rev=063f43f2dbdef86376cc29ad646c45c46e93234c","rev":"063f43f2dbdef86376cc29ad646c45c46e93234c","rev_count":804993,"rev_date":"2025-05-23T18:48:26Z","broken":false,"insecure":false,"unfree":false,"missing_builds":false,"stabilities":["unstable"],"scrape_date":"2025-05-26T05:18:38.178379Z","cache_uri":null,"install_id":"yarn"}],"messages":[],"complete":true},"messages":[]}]}'
---
when:
  path: /api/v1/catalog/search
  method: GET
then:
  status: 200
  header:
  - name: date
    value: Wed, 28 May 2025 00:32:39 GMT
  - name: content-type
    value: application/json
  - name: content-length
    value: '2960'
  - name: server
    value: uvicorn
  - name: apigw-requestid
    value: LQLyOi3QoAMEYVA=
  body: '{"items":[{"attr_path":"nodejs_14","catalog":null,"pkg_path":"nodejs_14","name":"nodejs-14.21.3","pname":"nodejs_14","version":"14.21.3","description":"Event-driven I/O framework for the V8 JavaScript engine","stabilities":[],"system":"aarch64-darwin"},{"attr_path":"nodejs_16","catalog":null,"pkg_path":"nodejs_16","name":"nodejs-16.20.2","pname":"nodejs_16","version":"16.20.2","description":"Event-driven I/O framework for the V8 JavaScript engine","stabilities":[],"system":"aarch64-darwin"},{"attr_path":"nodejs_18","catalog":null,"pkg_path":"nodejs_18","name":"nodejs-18.20.8","pname":"nodejs_18","version":"18.20.8","description":"Event-driven I/O framework for the V8 JavaScript engine","stabilities":[],"system":"aarch64-darwin"},{"attr_path":"nodejs_19","catalog":null,"pkg_path":"nodejs_19","name":"nodejs-19.9.0","pname":"nodejs_19","version":"19.9.0","description":"Event-driven I/O framework for the V8 JavaScript engine","stabilities":[],"system":"aarch64-darwin"},{"attr_path":"nodejs_20","catalog":null,"pkg_path":"nodejs_20","name":"nodejs-20.19.2","pname":"nodejs_20","version":"20.19.2","description":"Event-driven I/O framework for the V8 JavaScript engine","stabilities":[],"system":"aarch64-darwin"},{"attr_path":"nodejs_21","catalog":null,"pkg_path":"nodejs_21","name":"nodejs-21.7.3","pname":"nodejs_21","version":"21.7.3","description":"Event-driven I/O framework for the V8 JavaScript engine","stabilities":[],"system":"aarch64-darwin"},{"attr_path":"nodejs_22","catalog":null,"pkg_path":"nodejs_22","name":"nodejs-22.14.0","pname":"nodejs_22","version":"22.14.0","description":"Event-driven I/O framework for the V8 JavaScript engine","stabilities":[],"system":"aarch64-darwin"},{"attr_path":"nodejs_23","catalog":null,"pkg_path":"nodejs_23","name":"nodejs-23.11.0","pname":"nodejs_23","version":"23.11.0","description":"Event-driven I/O framework for the V8 JavaScript engine","stabilities":[],"system":"aarch64-darwin"},{"attr_path":"nodejs_24","catalog":null,"pkg_path":"nodejs_24","name":"nodejs-24.1.0","pname":"nodejs_24","version":"24.1.0","description":"Event-driven I/O framework for the V8 JavaScript engine","stabilities":[],"system":"aarch64-darwin"},{"attr_path":"nodejs_latest","catalog":null,"pkg_path":"nodejs_latest","name":"nodejs-24.1.0","pname":"nodejs_latest","version":"24.1.0","description":"Event-driven I/O framework for the V8 JavaScript engine","stabilities":[],"system":"aarch64-darwin"},{"attr_path":"haxePackages.hxnodejs_4","catalog":null,"pkg_path":"haxePackages.hxnodejs_4","name":"hxnodejs-4.0.9","pname":"hxnodejs_4","version":"4.0.9","description":"Extern definitions for node.js 4.x","stabilities":[],"system":"aarch64-darwin"},{"attr_path":"haxePackages.hxnodejs_6","catalog":null,"pkg_path":"haxePackages.hxnodejs_6","name":"hxnodejs-6.9.0","pname":"hxnodejs_6","version":"6.9.0","description":"Extern definitions for node.js 6.9","stabilities":[],"system":"aarch64-darwin"}],"total_count":12}'
---
when:
  path: /api/v1/catalog/resolve
  method: POST
  body: '{"items":[{"descriptors":[{"allow_broken":null,"allow_insecure":null,"allow_missing_builds":null,"allow_pre_releases":null,"allow_unfree":null,"attr_path":"nodejs_24","install_id":"nodejs_24","systems":["aarch64-darwin","aarch64-linux","x86_64-darwin","x86_64-linux"],"version":"20.18.1"}],"name":"nodejs_24"},{"descriptors":[{"allow_broken":null,"allow_insecure":null,"allow_missing_builds":null,"allow_pre_releases":null,"allow_unfree":null,"attr_path":"nodejs_23","install_id":"nodejs_23","systems":["aarch64-darwin","aarch64-linux","x86_64-darwin","x86_64-linux"],"version":"20.18.1"}],"name":"nodejs_23"},{"descriptors":[{"allow_broken":null,"allow_insecure":null,"allow_missing_builds":null,"allow_pre_releases":null,"allow_unfree":null,"attr_path":"nodejs_22","install_id":"nodejs_22","systems":["aarch64-darwin","aarch64-linux","x86_64-darwin","x86_64-linux"],"version":"20.18.1"}],"name":"nodejs_22"},{"descriptors":[{"allow_broken":null,"allow_insecure":null,"allow_missing_builds":null,"allow_pre_releases":null,"allow_unfree":null,"attr_path":"nodejs_21","install_id":"nodejs_21","systems":["aarch64-darwin","aarch64-linux","x86_64-darwin","x86_64-linux"],"version":"20.18.1"}],"name":"nodejs_21"},{"descriptors":[{"allow_broken":null,"allow_insecure":null,"allow_missing_builds":null,"allow_pre_releases":null,"allow_unfree":null,"attr_path":"nodejs_20","install_id":"nodejs_20","systems":["aarch64-darwin","aarch64-linux","x86_64-darwin","x86_64-linux"],"version":"20.18.1"}],"name":"nodejs_20"},{"descriptors":[{"allow_broken":null,"allow_insecure":null,"allow_missing_builds":null,"allow_pre_releases":null,"allow_unfree":null,"attr_path":"nodejs_19","install_id":"nodejs_19","systems":["aarch64-darwin","aarch64-linux","x86_64-darwin","x86_64-linux"],"version":"20.18.1"}],"name":"nodejs_19"},{"descriptors":[{"allow_broken":null,"allow_insecure":null,"allow_missing_builds":null,"allow_pre_releases":null,"allow_unfree":null,"attr_path":"nodejs_18","install_id":"nodejs_18","systems":["aarch64-darwin","aarch64-linux","x86_64-darwin","x86_64-linux"],"version":"20.18.1"}],"name":"nodejs_18"},{"descriptors":[{"allow_broken":null,"allow_insecure":null,"allow_missing_builds":null,"allow_pre_releases":null,"allow_unfree":null,"attr_path":"nodejs_16","install_id":"nodejs_16","systems":["aarch64-darwin","aarch64-linux","x86_64-darwin","x86_64-linux"],"version":"20.18.1"}],"name":"nodejs_16"},{"descriptors":[{"allow_broken":null,"allow_insecure":null,"allow_missing_builds":null,"allow_pre_releases":null,"allow_unfree":null,"attr_path":"nodejs_14","install_id":"nodejs_14","systems":["aarch64-darwin","aarch64-linux","x86_64-darwin","x86_64-linux"],"version":"20.18.1"}],"name":"nodejs_14"},{"descriptors":[{"allow_broken":null,"allow_insecure":null,"allow_missing_builds":null,"allow_pre_releases":null,"allow_unfree":null,"attr_path":"nodejs","install_id":"nodejs","systems":["aarch64-darwin","aarch64-linux","x86_64-darwin","x86_64-linux"],"version":"20.18.1"}],"name":"nodejs"}]}'
then:
  status: 200
  header:
  - name: date
    value: Wed, 28 May 2025 00:32:42 GMT
  - name: content-type
    value: application/json
  - name: content-length
    value: '8928'
  - name: server
    value: uvicorn
  - name: apigw-requestid
    value: LQLyThY7IAMEMbw=
  body: '{"items":[{"name":"nodejs_24","page":null,"messages":[{"level":"error","type":"constraints_too_tight","message":"Resolution constraints are too tight.","context":{}}]},{"name":"nodejs_23","page":null,"messages":[{"level":"error","type":"constraints_too_tight","message":"Resolution constraints are too tight.","context":{}}]},{"name":"nodejs_22","page":null,"messages":[{"level":"error","type":"constraints_too_tight","message":"Resolution constraints are too tight.","context":{}}]},{"name":"nodejs_21","page":null,"messages":[{"level":"error","type":"constraints_too_tight","message":"Resolution constraints are too tight.","context":{}}]},{"name":"nodejs_20","page":{"page":745286,"url":"","packages":[{"catalog":"nixpkgs","attr_path":"nodejs_20","pkg_path":"nodejs_20","derivation":"/nix/store/zwzxzzc5hc1hq1n4k5ii7qs4w43a3pax-nodejs-20.18.1.drv","name":"nodejs-20.18.1","pname":"nodejs_20","version":"20.18.1","system":"aarch64-darwin","outputs":[{"name":"out","store_path":"/nix/store/3m2ls02m9saryyfzgmpa4931v6zqwsa1-nodejs-20.18.1"},{"name":"libv8","store_path":"/nix/store/gp5cn9v1w8dhrhln0hzakj9yks0apnb6-nodejs-20.18.1-libv8"}],"outputs_to_install":["out"],"description":"Event-driven I/O framework for the V8 JavaScript engine","license":"MIT","locked_url":"https://github.com/flox/nixpkgs?rev=9d3ae807ebd2981d593cddd0080856873139aa40","rev":"9d3ae807ebd2981d593cddd0080856873139aa40","rev_count":745286,"rev_date":"2025-01-29T09:16:47Z","broken":false,"insecure":false,"unfree":false,"missing_builds":false,"stabilities":["staging","unstable"],"scrape_date":"2025-01-30T03:28:02Z","cache_uri":null,"install_id":"nodejs_20"},{"catalog":"nixpkgs","attr_path":"nodejs_20","pkg_path":"nodejs_20","derivation":"/nix/store/cqbwjxxf7wxah1947dm274bmvvxdla54-nodejs-20.18.1.drv","name":"nodejs-20.18.1","pname":"nodejs_20","version":"20.18.1","system":"aarch64-linux","outputs":[{"name":"out","store_path":"/nix/store/9zv75vg1ca6h8hmkqz26mrs9bc890jfv-nodejs-20.18.1"},{"name":"libv8","store_path":"/nix/store/6q3i53q3hhqjjab40ari4ifmjy26djq4-nodejs-20.18.1-libv8"}],"outputs_to_install":["out"],"description":"Event-driven I/O framework for the V8 JavaScript engine","license":"MIT","locked_url":"https://github.com/flox/nixpkgs?rev=9d3ae807ebd2981d593cddd0080856873139aa40","rev":"9d3ae807ebd2981d593cddd0080856873139aa40","rev_count":745286,"rev_date":"2025-01-29T09:16:47Z","broken":false,"insecure":false,"unfree":false,"missing_builds":false,"stabilities":["staging","unstable"],"scrape_date":"2025-01-30T03:28:02Z","cache_uri":null,"install_id":"nodejs_20"},{"catalog":"nixpkgs","attr_path":"nodejs_20","pkg_path":"nodejs_20","derivation":"/nix/store/d51szv3k3979dcg6hrhk15dms40c4pyr-nodejs-20.18.1.drv","name":"nodejs-20.18.1","pname":"nodejs_20","version":"20.18.1","system":"x86_64-darwin","outputs":[{"name":"out","store_path":"/nix/store/b8hyl1920fxqv1gmphx766ablrc64rj8-nodejs-20.18.1"},{"name":"libv8","store_path":"/nix/store/0s6zkr34k1isj4annpr8qrarfgs6mkhi-nodejs-20.18.1-libv8"}],"outputs_to_install":["out"],"description":"Event-driven I/O framework for the V8 JavaScript engine","license":"MIT","locked_url":"https://github.com/flox/nixpkgs?rev=9d3ae807ebd2981d593cddd0080856873139aa40","rev":"9d3ae807ebd2981d593cddd0080856873139aa40","rev_count":745286,"rev_date":"2025-01-29T09:16:47Z","broken":false,"insecure":false,"unfree":false,"missing_builds":false,"stabilities":["staging","unstable"],"scrape_date":"2025-01-30T03:28:02Z","cache_uri":null,"install_id":"nodejs_20"},{"catalog":"nixpkgs","attr_path":"nodejs_20","pkg_path":"nodejs_20","derivation":"/nix/store/ymahbp6s4yg5n4s4555xm0aj9l5gxmak-nodejs-20.18.1.drv","name":"nodejs-20.18.1","pname":"nodejs_20","version":"20.18.1","system":"x86_64-linux","outputs":[{"name":"out","store_path":"/nix/store/864nd9lys37waw3i5wxy42lp4as51x5s-nodejs-20.18.1"},{"name":"libv8","store_path":"/nix/store/nqj2gr66cd2wan2pn510ymrz1p20xcsg-nodejs-20.18.1-libv8"}],"outputs_to_install":["out"],"description":"Event-driven I/O framework for the V8 JavaScript engine","license":"MIT","locked_url":"https://github.com/flox/nixpkgs?rev=9d3ae807ebd2981d593cddd0080856873139aa40","rev":"9d3ae807ebd2981d593cddd0080856873139aa40","rev_count":745286,"rev_date":"2025-01-29T09:16:47Z","broken":false,"insecure":false,"unfree":false,"missing_builds":false,"stabilities":["staging","unstable"],"scrape_date":"2025-01-30T03:28:02Z","cache_uri":null,"install_id":"nodejs_20"}],"messages":[],"complete":true},"messages":[]},{"name":"nodejs_19","page":null,"messages":[{"level":"error","type":"constraints_too_tight","message":"Resolution constraints are too tight.","context":{}}]},{"name":"nodejs_18","page":null,"messages":[{"level":"error","type":"constraints_too_tight","message":"Resolution constraints are too tight.","context":{}}]},{"name":"nodejs_16","page":null,"messages":[{"level":"error","type":"constraints_too_tight","message":"Resolution constraints are too tight.","context":{}}]},{"name":"nodejs_14","page":null,"messages":[{"level":"error","type":"constraints_too_tight","message":"Resolution constraints are too tight.","context":{}}]},{"name":"nodejs","page":{"page":724962,"url":"","packages":[{"catalog":"nixpkgs","attr_path":"nodejs","pkg_path":"nodejs","derivation":"/nix/store/s6vvykdlbdnvxmwd9vwqn0mrh0pcz56r-nodejs-20.18.1.drv","name":"nodejs-20.18.1","pname":"nodejs","version":"20.18.1","system":"aarch64-darwin","outputs":[{"name":"out","store_path":"/nix/store/f0lm95g31vpknr8jj9xw53cx2rqly2nm-nodejs-20.18.1"},{"name":"libv8","store_path":"/nix/store/l17919sgiw0i3awxlpic9z9a3g2d0rgv-nodejs-20.18.1-libv8"}],"outputs_to_install":["out"],"description":"Event-driven I/O framework for the V8 JavaScript engine","license":"MIT","locked_url":"https://github.com/flox/nixpkgs?rev=d70bd19e0a38ad4790d3913bf08fcbfc9eeca507","rev":"d70bd19e0a38ad4790d3913bf08fcbfc9eeca507","rev_count":724962,"rev_date":"2024-12-19T23:01:11Z","broken":false,"insecure":false,"unfree":false,"missing_builds":false,"stabilities":["stable","staging","unstable"],"scrape_date":"2024-12-23T03:54:12Z","cache_uri":null,"install_id":"nodejs"},{"catalog":"nixpkgs","attr_path":"nodejs","pkg_path":"nodejs","derivation":"/nix/store/ms9gcppam2rwf9nj01864hqlz8qf15m9-nodejs-20.18.1.drv","name":"nodejs-20.18.1","pname":"nodejs","version":"20.18.1","system":"aarch64-linux","outputs":[{"name":"out","store_path":"/nix/store/vqv3dblqx76k185jg4ym5i3dz196lv19-nodejs-20.18.1"},{"name":"libv8","store_path":"/nix/store/1pp9h9ma5ps2w3n7abkd3ipgjnmixwpm-nodejs-20.18.1-libv8"}],"outputs_to_install":["out"],"description":"Event-driven I/O framework for the V8 JavaScript engine","license":"MIT","locked_url":"https://github.com/flox/nixpkgs?rev=d70bd19e0a38ad4790d3913bf08fcbfc9eeca507","rev":"d70bd19e0a38ad4790d3913bf08fcbfc9eeca507","rev_count":724962,"rev_date":"2024-12-19T23:01:11Z","broken":false,"insecure":false,"unfree":false,"missing_builds":false,"stabilities":["stable","staging","unstable"],"scrape_date":"2024-12-23T03:54:12Z","cache_uri":null,"install_id":"nodejs"},{"catalog":"nixpkgs","attr_path":"nodejs","pkg_path":"nodejs","derivation":"/nix/store/ym3v3dr3lp9kz151xxhidm6pnghfgjwl-nodejs-20.18.1.drv","name":"nodejs-20.18.1","pname":"nodejs","version":"20.18.1","system":"x86_64-darwin","outputs":[{"name":"out","store_path":"/nix/store/gbrd92gjhi88lhj43bsa2y9zvcn4vsb8-nodejs-20.18.1"},{"name":"libv8","store_path":"/nix/store/85x3jn8wf6n6ihr3ar70fhgc4p87znsq-nodejs-20.18.1-libv8"}],"outputs_to_install":["out"],"description":"Event-driven I/O framework for the V8 JavaScript engine","license":"MIT","locked_url":"https://github.com/flox/nixpkgs?rev=d70bd19e0a38ad4790d3913bf08fcbfc9eeca507","rev":"d70bd19e0a38ad4790d3913bf08fcbfc9eeca507","rev_count":724962,"rev_date":"2024-12-19T23:01:11Z","broken":false,"insecure":false,"unfree":false,"missing_builds":false,"stabilities":["stable","staging","unstable"],"scrape_date":"2024-12-23T03:54:12Z","cache_uri":null,"install_id":"nodejs"},{"catalog":"nixpkgs","attr_path":"nodejs","pkg_path":"nodejs","derivation":"/nix/store/vw6hibpv5jfhpgak9x8j6jsrsl753jj8-nodejs-20.18.1.drv","name":"nodejs-20.18.1","pname":"nodejs","version":"20.18.1","system":"x86_64-linux","outputs":[{"name":"out","store_path":"/nix/store/wfxq6w9bkp5dcfr8yb6789b0w7128gnb-nodejs-20.18.1"},{"name":"libv8","store_path":"/nix/store/6cpw80r57lyippnjl5knrvymcwalv1m2-nodejs-20.18.1-libv8"}],"outputs_to_install":["out"],"description":"Event-driven I/O framework for the V8 JavaScript engine","license":"MIT","locked_url":"https://github.com/flox/nixpkgs?rev=d70bd19e0a38ad4790d3913bf08fcbfc9eeca507","rev":"d70bd19e0a38ad4790d3913bf08fcbfc9eeca507","rev_count":724962,"rev_date":"2024-12-19T23:01:11Z","broken":false,"insecure":false,"unfree":false,"missing_builds":false,"stabilities":["stable","staging","unstable"],"scrape_date":"2024-12-23T03:54:12Z","cache_uri":null,"install_id":"nodejs"}],"messages":[],"complete":true},"messages":[]}]}'
