{
  "lockfile-version": 1,
  "manifest": {
    "version": 1,
    "install": {
      "hello": {
        "pkg-path": "hello"
      }
    },
    "options": {},
    "build": {
      "hello": {
        "command": "mkdir -p $out\necho \"hello world\" >> $out/hello.txt\n"
      }
    }
  },
  "packages": [
    {
      "attr_path": "hello",
      "broken": false,
      "derivation": "/nix/store/6jpg2ljbj3r03n47yy2x9yzhmi4miw88-hello-2.12.1.drv",
      "description": "Program that produces a familiar, friendly greeting",
      "install_id": "hello",
      "license": "GPL-3.0-or-later",
      "locked_url": "https://github.com/flox/nixpkgs?rev=52faf482a3889b7619003c0daec593a1912fddc1",
      "name": "hello-2.12.1",
      "pname": "hello",
      "rev": "52faf482a3889b7619003c0daec593a1912fddc1",
      "rev_count": 776537,
      "rev_date": "2025-03-30T06:12:12Z",
      "scrape_date": "2025-04-01T01:11:36.626590Z",
      "stabilities": [
        "unstable"
      ],
      "unfree": false,
      "version": "2.12.1",
      "outputs_to_install": [
        "out"
      ],
      "outputs": {
        "out": "/nix/store/zh4ha2m108qnkzib36mxchngqj4j13hn-hello-2.12.1"
      },
      "system": "aarch64-darwin",
      "group": "toplevel",
      "priority": 5
    },
    {
      "attr_path": "hello",
      "broken": false,
      "derivation": "/nix/store/kpag2xqscc8cv2i2dq0d598bvzk5jkb3-hello-2.12.1.drv",
      "description": "Program that produces a familiar, friendly greeting",
      "install_id": "hello",
      "license": "GPL-3.0-or-later",
      "locked_url": "https://github.com/flox/nixpkgs?rev=52faf482a3889b7619003c0daec593a1912fddc1",
      "name": "hello-2.12.1",
      "pname": "hello",
      "rev": "52faf482a3889b7619003c0daec593a1912fddc1",
      "rev_count": 776537,
      "rev_date": "2025-03-30T06:12:12Z",
      "scrape_date": "2025-04-01T01:30:13.617849Z",
      "stabilities": [
        "unstable"
      ],
      "unfree": false,
      "version": "2.12.1",
      "outputs_to_install": [
        "out"
      ],
      "outputs": {
        "out": "/nix/store/kfhcq0i3ls63ac09lil23ni6l9a2rqrv-hello-2.12.1"
      },
      "system": "aarch64-linux",
      "group": "toplevel",
      "priority": 5
    },
    {
      "attr_path": "hello",
      "broken": false,
      "derivation": "/nix/store/zxls6abvsr15mx7p39iinm2s0wsfjy3z-hello-2.12.1.drv",
      "description": "Program that produces a familiar, friendly greeting",
      "install_id": "hello",
      "license": "GPL-3.0-or-later",
      "locked_url": "https://github.com/flox/nixpkgs?rev=52faf482a3889b7619003c0daec593a1912fddc1",
      "name": "hello-2.12.1",
      "pname": "hello",
      "rev": "52faf482a3889b7619003c0daec593a1912fddc1",
      "rev_count": 776537,
      "rev_date": "2025-03-30T06:12:12Z",
      "scrape_date": "2025-04-01T01:46:43.071753Z",
      "stabilities": [
        "unstable"
      ],
      "unfree": false,
      "version": "2.12.1",
      "outputs_to_install": [
        "out"
      ],
      "outputs": {
        "out": "/nix/store/n902l28i9qnd5wryqv94swvgvq8b8n28-hello-2.12.1"
      },
      "system": "x86_64-darwin",
      "group": "toplevel",
      "priority": 5
    },
    {
      "attr_path": "hello",
      "broken": false,
      "derivation": "/nix/store/wx45r069h9fcnbq7i4w0bmxciap0zihc-hello-2.12.1.drv",
      "description": "Program that produces a familiar, friendly greeting",
      "install_id": "hello",
      "license": "GPL-3.0-or-later",
      "locked_url": "https://github.com/flox/nixpkgs?rev=52faf482a3889b7619003c0daec593a1912fddc1",
      "name": "hello-2.12.1",
      "pname": "hello",
      "rev": "52faf482a3889b7619003c0daec593a1912fddc1",
      "rev_count": 776537,
      "rev_date": "2025-03-30T06:12:12Z",
      "scrape_date": "2025-04-01T02:06:56.460270Z",
      "stabilities": [
        "unstable"
      ],
      "unfree": false,
      "version": "2.12.1",
      "outputs_to_install": [
        "out"
      ],
      "outputs": {
        "out": "/nix/store/y4qpcibkj767szhjb58i2sidmz8m24hb-hello-2.12.1"
      },
      "system": "x86_64-linux",
      "group": "toplevel",
      "priority": 5
    }
  ]
}